// !$*UTF8*$!
{
	archiveVersion = 1;
	classes = {
	};
	objectVersion = 50;
	objects = {

/* Begin PBXBuildFile section */
		1015815E2495F8C600AA0B37 /* AppDelegate.swift in Sources */ = {isa = PBXBuildFile; fileRef = 1015815D2495F8C600AA0B37 /* AppDelegate.swift */; };
		101581602495F8C600AA0B37 /* SceneDelegate.swift in Sources */ = {isa = PBXBuildFile; fileRef = 1015815F2495F8C600AA0B37 /* SceneDelegate.swift */; };
		101581642495F8CA00AA0B37 /* Assets.xcassets in Resources */ = {isa = PBXBuildFile; fileRef = 101581632495F8CA00AA0B37 /* Assets.xcassets */; };
		101581672495F8CA00AA0B37 /* Preview Assets.xcassets in Resources */ = {isa = PBXBuildFile; fileRef = 101581662495F8CA00AA0B37 /* Preview Assets.xcassets */; };
		1015816A2495F8CA00AA0B37 /* LaunchScreen.storyboard in Resources */ = {isa = PBXBuildFile; fileRef = 101581682495F8CA00AA0B37 /* LaunchScreen.storyboard */; };
		101581752495F8CA00AA0B37 /* LoginPresenterTests.swift in Sources */ = {isa = PBXBuildFile; fileRef = 101581742495F8CA00AA0B37 /* LoginPresenterTests.swift */; };
		101C332B24E5A65C009BD331 /* UserDefaultsMock.swift in Sources */ = {isa = PBXBuildFile; fileRef = 101C332A24E5A65C009BD331 /* UserDefaultsMock.swift */; };
		101C332D24E5A726009BD331 /* Schedule.swift in Sources */ = {isa = PBXBuildFile; fileRef = 101C332C24E5A726009BD331 /* Schedule.swift */; };
		102102A9249F2EF700084C91 /* URLSessionMock.swift in Sources */ = {isa = PBXBuildFile; fileRef = 102102A8249F2EF700084C91 /* URLSessionMock.swift */; };
		102102AB249F2F0F00084C91 /* URLSession.swift in Sources */ = {isa = PBXBuildFile; fileRef = 102102AA249F2F0F00084C91 /* URLSession.swift */; };
		1023190F24F1603B0005F6A6 /* SchedulePresenterTimerTests.swift in Sources */ = {isa = PBXBuildFile; fileRef = 1023190E24F1603B0005F6A6 /* SchedulePresenterTimerTests.swift */; };
		1023191224F21C380005F6A6 /* AwakeConfirmationView.swift in Sources */ = {isa = PBXBuildFile; fileRef = 1023191124F21C380005F6A6 /* AwakeConfirmationView.swift */; };
		1023191424F2238D0005F6A6 /* Slider.swift in Sources */ = {isa = PBXBuildFile; fileRef = 1023191324F2238D0005F6A6 /* Slider.swift */; };
		1025D7B824E448B100118CD4 /* MessageFormDelegateMock.swift in Sources */ = {isa = PBXBuildFile; fileRef = 1025D7B724E448B100118CD4 /* MessageFormDelegateMock.swift */; };
		1025D7BB24E44A2700118CD4 /* Message.swift in Sources */ = {isa = PBXBuildFile; fileRef = 1025D7BA24E44A2700118CD4 /* Message.swift */; };
		1025D7BD24E44A8A00118CD4 /* Channel.swift in Sources */ = {isa = PBXBuildFile; fileRef = 1025D7BC24E44A8A00118CD4 /* Channel.swift */; };
		1025D7C124E44BD900118CD4 /* SchedulePresenterTests.swift in Sources */ = {isa = PBXBuildFile; fileRef = 1025D7C024E44BD900118CD4 /* SchedulePresenterTests.swift */; };
		1032649C24C32A9900863603 /* Switch.swift in Sources */ = {isa = PBXBuildFile; fileRef = 1032649B24C32A9900863603 /* Switch.swift */; };
		1032649E24C41F8000863603 /* ScheduleView.swift in Sources */ = {isa = PBXBuildFile; fileRef = 1032649D24C41F8000863603 /* ScheduleView.swift */; };
		103264A124C4488C00863603 /* ScheduleViewModel.swift in Sources */ = {isa = PBXBuildFile; fileRef = 103264A024C4488C00863603 /* ScheduleViewModel.swift */; };
		103264A324C448EB00863603 /* ScheduleViewPresenter.swift in Sources */ = {isa = PBXBuildFile; fileRef = 103264A224C448EB00863603 /* ScheduleViewPresenter.swift */; };
		103264A524C448FE00863603 /* ScheduleViewBuilder.swift in Sources */ = {isa = PBXBuildFile; fileRef = 103264A424C448FE00863603 /* ScheduleViewBuilder.swift */; };
		1033ABDB252821000045BD64 /* OnboardingPresenterTests.swift in Sources */ = {isa = PBXBuildFile; fileRef = 1033ABDA252821000045BD64 /* OnboardingPresenterTests.swift */; };
		1033ABDD25282A500045BD64 /* TimePicker.swift in Sources */ = {isa = PBXBuildFile; fileRef = 1033ABDC25282A500045BD64 /* TimePicker.swift */; };
		1035D0732495FF00006B22FC /* LoginView.swift in Sources */ = {isa = PBXBuildFile; fileRef = 1035D0722495FF00006B22FC /* LoginView.swift */; };
		1035D075249604CE006B22FC /* LoginHeaderView.swift in Sources */ = {isa = PBXBuildFile; fileRef = 1035D074249604CE006B22FC /* LoginHeaderView.swift */; };
		1035D078249605D7006B22FC /* Color.swift in Sources */ = {isa = PBXBuildFile; fileRef = 1035D077249605D7006B22FC /* Color.swift */; };
		1035D07D24963F1F006B22FC /* AlternativeButton.swift in Sources */ = {isa = PBXBuildFile; fileRef = 1035D07C24963F1F006B22FC /* AlternativeButton.swift */; };
		104856D724A0EC520072D00F /* PrimaryButton.swift in Sources */ = {isa = PBXBuildFile; fileRef = 104856D624A0EC520072D00F /* PrimaryButton.swift */; };
		104856D924A142F80072D00F /* UIDevice.swift in Sources */ = {isa = PBXBuildFile; fileRef = 104856D824A142F80072D00F /* UIDevice.swift */; };
		104BCC2024AB991200C35BDC /* DispatchQueue.swift in Sources */ = {isa = PBXBuildFile; fileRef = 104BCC1F24AB991200C35BDC /* DispatchQueue.swift */; };
		104BCC2424AB9BD500C35BDC /* WorldMock.swift in Sources */ = {isa = PBXBuildFile; fileRef = 104BCC2324AB9BD500C35BDC /* WorldMock.swift */; };
		104BCC2624AB9C0600C35BDC /* DispatchQueueMock.swift in Sources */ = {isa = PBXBuildFile; fileRef = 104BCC2524AB9C0600C35BDC /* DispatchQueueMock.swift */; };
		104BCC2824ABA05300C35BDC /* MessageFormView.swift in Sources */ = {isa = PBXBuildFile; fileRef = 104BCC2724ABA05300C35BDC /* MessageFormView.swift */; };
		104BE36F24B0834B00E02AAD /* KeyboardListener.swift in Sources */ = {isa = PBXBuildFile; fileRef = 104BE36E24B0834B00E02AAD /* KeyboardListener.swift */; };
		104BE37224B0F04400E02AAD /* MessageFormPresenter.swift in Sources */ = {isa = PBXBuildFile; fileRef = 104BE37124B0F04400E02AAD /* MessageFormPresenter.swift */; };
		104BE37524B0F26A00E02AAD /* ChannelView.swift in Sources */ = {isa = PBXBuildFile; fileRef = 104BE37424B0F26A00E02AAD /* ChannelView.swift */; };
		1051E4A824BAF9B300566C5B /* ImagePickerView.swift in Sources */ = {isa = PBXBuildFile; fileRef = 1051E4A724BAF9B300566C5B /* ImagePickerView.swift */; };
		1051E4AA24BB184B00566C5B /* ImageButton.swift in Sources */ = {isa = PBXBuildFile; fileRef = 1051E4A924BB184B00566C5B /* ImageButton.swift */; };
		105A182724BB575D003177AA /* MessageFormPresenterTests.swift in Sources */ = {isa = PBXBuildFile; fileRef = 105A182624BB575D003177AA /* MessageFormPresenterTests.swift */; };
		105A182B24BB5A25003177AA /* Channels.json in Resources */ = {isa = PBXBuildFile; fileRef = 105A182A24BB5A25003177AA /* Channels.json */; };
		105A182E24BB5C25003177AA /* JSONLoader.swift in Sources */ = {isa = PBXBuildFile; fileRef = 105A182D24BB5C25003177AA /* JSONLoader.swift */; };
		105BDB0124D68B72005C9CD7 /* Schedule.swift in Sources */ = {isa = PBXBuildFile; fileRef = 105BDB0024D68B72005C9CD7 /* Schedule.swift */; };
		105BDB0424D692F0005C9CD7 /* OnboardingViewBuilder.swift in Sources */ = {isa = PBXBuildFile; fileRef = 105BDB0324D692F0005C9CD7 /* OnboardingViewBuilder.swift */; };
		105BDB0624D692FD005C9CD7 /* OnboardingPresenter.swift in Sources */ = {isa = PBXBuildFile; fileRef = 105BDB0524D692FD005C9CD7 /* OnboardingPresenter.swift */; };
		105BDB0824D6DF8B005C9CD7 /* OnboardingViewModel.swift in Sources */ = {isa = PBXBuildFile; fileRef = 105BDB0724D6DF8B005C9CD7 /* OnboardingViewModel.swift */; };
		105BDB0A24DC782B005C9CD7 /* RootViewBuilder.swift in Sources */ = {isa = PBXBuildFile; fileRef = 105BDB0924DC782A005C9CD7 /* RootViewBuilder.swift */; };
		106C5A7724C4528E00B8BA9C /* Channel.swift in Sources */ = {isa = PBXBuildFile; fileRef = 106C5A7624C4528E00B8BA9C /* Channel.swift */; };
		106C5A7924C453F600B8BA9C /* Message.swift in Sources */ = {isa = PBXBuildFile; fileRef = 106C5A7824C453F600B8BA9C /* Message.swift */; };
		10774A1D24BB5FFF00D3CD9F /* TestBundle.swift in Sources */ = {isa = PBXBuildFile; fileRef = 10774A1C24BB5FFF00D3CD9F /* TestBundle.swift */; };
		1081AE26249F387900AD6655 /* WebAuthenticationSession.swift in Sources */ = {isa = PBXBuildFile; fileRef = 1081AE25249F387900AD6655 /* WebAuthenticationSession.swift */; };
		1081AE28249F44CB00AD6655 /* WebAuthenticationSessionMock.swift in Sources */ = {isa = PBXBuildFile; fileRef = 1081AE27249F44CB00AD6655 /* WebAuthenticationSessionMock.swift */; };
		1081AE2D249F4E0C00AD6655 /* Keychain.swift in Sources */ = {isa = PBXBuildFile; fileRef = 1081AE2C249F4E0C00AD6655 /* Keychain.swift */; };
		1081AE2F249F585F00AD6655 /* KeychainMock.swift in Sources */ = {isa = PBXBuildFile; fileRef = 1081AE2E249F585F00AD6655 /* KeychainMock.swift */; };
		1081AE3124A0E84C00AD6655 /* OnboardingView.swift in Sources */ = {isa = PBXBuildFile; fileRef = 1081AE3024A0E84C00AD6655 /* OnboardingView.swift */; };
		108B4E0924C2C7FF000F1C4B /* ContentCard.swift in Sources */ = {isa = PBXBuildFile; fileRef = 108B4E0824C2C7FF000F1C4B /* ContentCard.swift */; };
		108B4E0B24C2C925000F1C4B /* SecondaryButton.swift in Sources */ = {isa = PBXBuildFile; fileRef = 108B4E0A24C2C925000F1C4B /* SecondaryButton.swift */; };
		108B4E0F24C2ECA4000F1C4B /* MessageContentCard.swift in Sources */ = {isa = PBXBuildFile; fileRef = 108B4E0E24C2ECA4000F1C4B /* MessageContentCard.swift */; };
		109704C0249675E90012EA76 /* Configuration.swift in Sources */ = {isa = PBXBuildFile; fileRef = 109704BF249675E90012EA76 /* Configuration.swift */; };
		109704C3249692D60012EA76 /* AuthenticationSessionView.swift in Sources */ = {isa = PBXBuildFile; fileRef = 109704C2249692D60012EA76 /* AuthenticationSessionView.swift */; };
		10A55EC024B110370099EDAD /* MessageFormViewModel.swift in Sources */ = {isa = PBXBuildFile; fileRef = 10A55EBF24B110370099EDAD /* MessageFormViewModel.swift */; };
		10A55EC224B110480099EDAD /* MessageFormViewBuilder.swift in Sources */ = {isa = PBXBuildFile; fileRef = 10A55EC124B110480099EDAD /* MessageFormViewBuilder.swift */; };
		10AC9D9C24ACF40C00A3791C /* MultilineTextField.swift in Sources */ = {isa = PBXBuildFile; fileRef = 10AC9D9B24ACF40C00A3791C /* MultilineTextField.swift */; };
		10AC9D9E24ACF96800A3791C /* ImagePickerButton.swift in Sources */ = {isa = PBXBuildFile; fileRef = 10AC9D9D24ACF96800A3791C /* ImagePickerButton.swift */; };
		10BB85EC24BB6F48005D9829 /* MessageFormBuilderTests.swift in Sources */ = {isa = PBXBuildFile; fileRef = 10BB85EB24BB6F48005D9829 /* MessageFormBuilderTests.swift */; };
		10C4D43324D544E200CC1123 /* UserDefaults.swift in Sources */ = {isa = PBXBuildFile; fileRef = 10C4D43224D544E200CC1123 /* UserDefaults.swift */; };
		10D5E09B25297AA400E0C34A /* Time.swift in Sources */ = {isa = PBXBuildFile; fileRef = 10D5E09A25297AA400E0C34A /* Time.swift */; };
		10D5E09D2531756C00E0C34A /* AwakeConfirmationPresenter.swift in Sources */ = {isa = PBXBuildFile; fileRef = 10D5E09C2531756C00E0C34A /* AwakeConfirmationPresenter.swift */; };
		10D5E09F25317AA700E0C34A /* AwakeConfirmationPresenterTests.swift in Sources */ = {isa = PBXBuildFile; fileRef = 10D5E09E25317AA700E0C34A /* AwakeConfirmationPresenterTests.swift */; };
		10E57E5E24969C79001B71A4 /* World.swift in Sources */ = {isa = PBXBuildFile; fileRef = 10E57E5D24969C79001B71A4 /* World.swift */; };
		10E57E6024969F03001B71A4 /* LoginPresenter.swift in Sources */ = {isa = PBXBuildFile; fileRef = 10E57E5F24969F03001B71A4 /* LoginPresenter.swift */; };
		10E57E622496A062001B71A4 /* LoginViewBuilder.swift in Sources */ = {isa = PBXBuildFile; fileRef = 10E57E612496A062001B71A4 /* LoginViewBuilder.swift */; };
		10E57E642496A086001B71A4 /* ViewBuilder.swift in Sources */ = {isa = PBXBuildFile; fileRef = 10E57E632496A086001B71A4 /* ViewBuilder.swift */; };
		10F422202497BCB60078AC3C /* NetworkService.swift in Sources */ = {isa = PBXBuildFile; fileRef = 10F4221F2497BCB60078AC3C /* NetworkService.swift */; };
		10F422222497C2050078AC3C /* NetworkRequest.swift in Sources */ = {isa = PBXBuildFile; fileRef = 10F422212497C2050078AC3C /* NetworkRequest.swift */; };
		10F422242497E9B20078AC3C /* Spinner.swift in Sources */ = {isa = PBXBuildFile; fileRef = 10F422232497E9B20078AC3C /* Spinner.swift */; };
		10F42226249930CC0078AC3C /* LoginViewModel.swift in Sources */ = {isa = PBXBuildFile; fileRef = 10F42225249930CC0078AC3C /* LoginViewModel.swift */; };
		10F4222A249946970078AC3C /* Toast.swift in Sources */ = {isa = PBXBuildFile; fileRef = 10F42229249946960078AC3C /* Toast.swift */; };
/* End PBXBuildFile section */

/* Begin PBXContainerItemProxy section */
		101581712495F8CA00AA0B37 /* PBXContainerItemProxy */ = {
			isa = PBXContainerItemProxy;
			containerPortal = 101581522495F8C600AA0B37 /* Project object */;
			proxyType = 1;
			remoteGlobalIDString = 101581592495F8C600AA0B37;
			remoteInfo = Dozy;
		};
/* End PBXContainerItemProxy section */

/* Begin PBXFileReference section */
		1015815A2495F8C600AA0B37 /* Dozy.app */ = {isa = PBXFileReference; explicitFileType = wrapper.application; includeInIndex = 0; path = Dozy.app; sourceTree = BUILT_PRODUCTS_DIR; };
		1015815D2495F8C600AA0B37 /* AppDelegate.swift */ = {isa = PBXFileReference; lastKnownFileType = sourcecode.swift; path = AppDelegate.swift; sourceTree = "<group>"; };
		1015815F2495F8C600AA0B37 /* SceneDelegate.swift */ = {isa = PBXFileReference; lastKnownFileType = sourcecode.swift; path = SceneDelegate.swift; sourceTree = "<group>"; };
		101581632495F8CA00AA0B37 /* Assets.xcassets */ = {isa = PBXFileReference; lastKnownFileType = folder.assetcatalog; path = Assets.xcassets; sourceTree = "<group>"; };
		101581662495F8CA00AA0B37 /* Preview Assets.xcassets */ = {isa = PBXFileReference; lastKnownFileType = folder.assetcatalog; path = "Preview Assets.xcassets"; sourceTree = "<group>"; };
		101581692495F8CA00AA0B37 /* Base */ = {isa = PBXFileReference; lastKnownFileType = file.storyboard; name = Base; path = Base.lproj/LaunchScreen.storyboard; sourceTree = "<group>"; };
		1015816B2495F8CA00AA0B37 /* Info.plist */ = {isa = PBXFileReference; lastKnownFileType = text.plist.xml; path = Info.plist; sourceTree = "<group>"; };
		101581702495F8CA00AA0B37 /* DozyTests.xctest */ = {isa = PBXFileReference; explicitFileType = wrapper.cfbundle; includeInIndex = 0; path = DozyTests.xctest; sourceTree = BUILT_PRODUCTS_DIR; };
		101581742495F8CA00AA0B37 /* LoginPresenterTests.swift */ = {isa = PBXFileReference; lastKnownFileType = sourcecode.swift; path = LoginPresenterTests.swift; sourceTree = "<group>"; };
		101581762495F8CA00AA0B37 /* Info.plist */ = {isa = PBXFileReference; lastKnownFileType = text.plist.xml; path = Info.plist; sourceTree = "<group>"; };
		101C332A24E5A65C009BD331 /* UserDefaultsMock.swift */ = {isa = PBXFileReference; lastKnownFileType = sourcecode.swift; path = UserDefaultsMock.swift; sourceTree = "<group>"; };
		101C332C24E5A726009BD331 /* Schedule.swift */ = {isa = PBXFileReference; lastKnownFileType = sourcecode.swift; path = Schedule.swift; sourceTree = "<group>"; };
		102102A8249F2EF700084C91 /* URLSessionMock.swift */ = {isa = PBXFileReference; lastKnownFileType = sourcecode.swift; path = URLSessionMock.swift; sourceTree = "<group>"; };
		102102AA249F2F0F00084C91 /* URLSession.swift */ = {isa = PBXFileReference; lastKnownFileType = sourcecode.swift; path = URLSession.swift; sourceTree = "<group>"; };
		1023190E24F1603B0005F6A6 /* SchedulePresenterTimerTests.swift */ = {isa = PBXFileReference; lastKnownFileType = sourcecode.swift; path = SchedulePresenterTimerTests.swift; sourceTree = "<group>"; };
		1023191124F21C380005F6A6 /* AwakeConfirmationView.swift */ = {isa = PBXFileReference; lastKnownFileType = sourcecode.swift; path = AwakeConfirmationView.swift; sourceTree = "<group>"; };
		1023191324F2238D0005F6A6 /* Slider.swift */ = {isa = PBXFileReference; lastKnownFileType = sourcecode.swift; path = Slider.swift; sourceTree = "<group>"; };
		1025D7B724E448B100118CD4 /* MessageFormDelegateMock.swift */ = {isa = PBXFileReference; lastKnownFileType = sourcecode.swift; path = MessageFormDelegateMock.swift; sourceTree = "<group>"; };
		1025D7BA24E44A2700118CD4 /* Message.swift */ = {isa = PBXFileReference; lastKnownFileType = sourcecode.swift; path = Message.swift; sourceTree = "<group>"; };
		1025D7BC24E44A8A00118CD4 /* Channel.swift */ = {isa = PBXFileReference; lastKnownFileType = sourcecode.swift; path = Channel.swift; sourceTree = "<group>"; };
		1025D7C024E44BD900118CD4 /* SchedulePresenterTests.swift */ = {isa = PBXFileReference; lastKnownFileType = sourcecode.swift; path = SchedulePresenterTests.swift; sourceTree = "<group>"; };
		1032649B24C32A9900863603 /* Switch.swift */ = {isa = PBXFileReference; lastKnownFileType = sourcecode.swift; path = Switch.swift; sourceTree = "<group>"; };
		1032649D24C41F8000863603 /* ScheduleView.swift */ = {isa = PBXFileReference; lastKnownFileType = sourcecode.swift; path = ScheduleView.swift; sourceTree = "<group>"; };
		103264A024C4488C00863603 /* ScheduleViewModel.swift */ = {isa = PBXFileReference; lastKnownFileType = sourcecode.swift; path = ScheduleViewModel.swift; sourceTree = "<group>"; };
		103264A224C448EB00863603 /* ScheduleViewPresenter.swift */ = {isa = PBXFileReference; lastKnownFileType = sourcecode.swift; path = ScheduleViewPresenter.swift; sourceTree = "<group>"; };
		103264A424C448FE00863603 /* ScheduleViewBuilder.swift */ = {isa = PBXFileReference; lastKnownFileType = sourcecode.swift; path = ScheduleViewBuilder.swift; sourceTree = "<group>"; };
		1033ABDA252821000045BD64 /* OnboardingPresenterTests.swift */ = {isa = PBXFileReference; lastKnownFileType = sourcecode.swift; path = OnboardingPresenterTests.swift; sourceTree = "<group>"; };
		1033ABDC25282A500045BD64 /* TimePicker.swift */ = {isa = PBXFileReference; lastKnownFileType = sourcecode.swift; path = TimePicker.swift; sourceTree = "<group>"; };
		1035D0722495FF00006B22FC /* LoginView.swift */ = {isa = PBXFileReference; lastKnownFileType = sourcecode.swift; path = LoginView.swift; sourceTree = "<group>"; };
		1035D074249604CE006B22FC /* LoginHeaderView.swift */ = {isa = PBXFileReference; lastKnownFileType = sourcecode.swift; path = LoginHeaderView.swift; sourceTree = "<group>"; };
		1035D077249605D7006B22FC /* Color.swift */ = {isa = PBXFileReference; lastKnownFileType = sourcecode.swift; path = Color.swift; sourceTree = "<group>"; };
		1035D07C24963F1F006B22FC /* AlternativeButton.swift */ = {isa = PBXFileReference; lastKnownFileType = sourcecode.swift; path = AlternativeButton.swift; sourceTree = "<group>"; };
		104856D624A0EC520072D00F /* PrimaryButton.swift */ = {isa = PBXFileReference; lastKnownFileType = sourcecode.swift; path = PrimaryButton.swift; sourceTree = "<group>"; };
		104856D824A142F80072D00F /* UIDevice.swift */ = {isa = PBXFileReference; lastKnownFileType = sourcecode.swift; path = UIDevice.swift; sourceTree = "<group>"; };
		104BCC1F24AB991200C35BDC /* DispatchQueue.swift */ = {isa = PBXFileReference; lastKnownFileType = sourcecode.swift; path = DispatchQueue.swift; sourceTree = "<group>"; };
		104BCC2324AB9BD500C35BDC /* WorldMock.swift */ = {isa = PBXFileReference; lastKnownFileType = sourcecode.swift; path = WorldMock.swift; sourceTree = "<group>"; };
		104BCC2524AB9C0600C35BDC /* DispatchQueueMock.swift */ = {isa = PBXFileReference; lastKnownFileType = sourcecode.swift; path = DispatchQueueMock.swift; sourceTree = "<group>"; };
		104BCC2724ABA05300C35BDC /* MessageFormView.swift */ = {isa = PBXFileReference; lastKnownFileType = sourcecode.swift; path = MessageFormView.swift; sourceTree = "<group>"; };
		104BE36E24B0834B00E02AAD /* KeyboardListener.swift */ = {isa = PBXFileReference; lastKnownFileType = sourcecode.swift; path = KeyboardListener.swift; sourceTree = "<group>"; };
		104BE37124B0F04400E02AAD /* MessageFormPresenter.swift */ = {isa = PBXFileReference; lastKnownFileType = sourcecode.swift; path = MessageFormPresenter.swift; sourceTree = "<group>"; };
		104BE37424B0F26A00E02AAD /* ChannelView.swift */ = {isa = PBXFileReference; lastKnownFileType = sourcecode.swift; path = ChannelView.swift; sourceTree = "<group>"; };
		1051E4A724BAF9B300566C5B /* ImagePickerView.swift */ = {isa = PBXFileReference; lastKnownFileType = sourcecode.swift; path = ImagePickerView.swift; sourceTree = "<group>"; };
		1051E4A924BB184B00566C5B /* ImageButton.swift */ = {isa = PBXFileReference; lastKnownFileType = sourcecode.swift; path = ImageButton.swift; sourceTree = "<group>"; };
		105A182624BB575D003177AA /* MessageFormPresenterTests.swift */ = {isa = PBXFileReference; lastKnownFileType = sourcecode.swift; path = MessageFormPresenterTests.swift; sourceTree = "<group>"; };
		105A182A24BB5A25003177AA /* Channels.json */ = {isa = PBXFileReference; lastKnownFileType = text.json; path = Channels.json; sourceTree = "<group>"; };
		105A182D24BB5C25003177AA /* JSONLoader.swift */ = {isa = PBXFileReference; lastKnownFileType = sourcecode.swift; path = JSONLoader.swift; sourceTree = "<group>"; };
		105BDB0024D68B72005C9CD7 /* Schedule.swift */ = {isa = PBXFileReference; lastKnownFileType = sourcecode.swift; path = Schedule.swift; sourceTree = "<group>"; };
		105BDB0324D692F0005C9CD7 /* OnboardingViewBuilder.swift */ = {isa = PBXFileReference; lastKnownFileType = sourcecode.swift; path = OnboardingViewBuilder.swift; sourceTree = "<group>"; };
		105BDB0524D692FD005C9CD7 /* OnboardingPresenter.swift */ = {isa = PBXFileReference; lastKnownFileType = sourcecode.swift; path = OnboardingPresenter.swift; sourceTree = "<group>"; };
		105BDB0724D6DF8B005C9CD7 /* OnboardingViewModel.swift */ = {isa = PBXFileReference; lastKnownFileType = sourcecode.swift; path = OnboardingViewModel.swift; sourceTree = "<group>"; };
		105BDB0924DC782A005C9CD7 /* RootViewBuilder.swift */ = {isa = PBXFileReference; lastKnownFileType = sourcecode.swift; path = RootViewBuilder.swift; sourceTree = "<group>"; };
		106C5A7624C4528E00B8BA9C /* Channel.swift */ = {isa = PBXFileReference; lastKnownFileType = sourcecode.swift; path = Channel.swift; sourceTree = "<group>"; };
		106C5A7824C453F600B8BA9C /* Message.swift */ = {isa = PBXFileReference; lastKnownFileType = sourcecode.swift; path = Message.swift; sourceTree = "<group>"; };
		10774A1C24BB5FFF00D3CD9F /* TestBundle.swift */ = {isa = PBXFileReference; lastKnownFileType = sourcecode.swift; path = TestBundle.swift; sourceTree = "<group>"; };
		1081AE25249F387900AD6655 /* WebAuthenticationSession.swift */ = {isa = PBXFileReference; lastKnownFileType = sourcecode.swift; path = WebAuthenticationSession.swift; sourceTree = "<group>"; };
		1081AE27249F44CB00AD6655 /* WebAuthenticationSessionMock.swift */ = {isa = PBXFileReference; lastKnownFileType = sourcecode.swift; path = WebAuthenticationSessionMock.swift; sourceTree = "<group>"; };
		1081AE2C249F4E0C00AD6655 /* Keychain.swift */ = {isa = PBXFileReference; lastKnownFileType = sourcecode.swift; path = Keychain.swift; sourceTree = "<group>"; };
		1081AE2E249F585F00AD6655 /* KeychainMock.swift */ = {isa = PBXFileReference; lastKnownFileType = sourcecode.swift; path = KeychainMock.swift; sourceTree = "<group>"; };
		1081AE3024A0E84C00AD6655 /* OnboardingView.swift */ = {isa = PBXFileReference; lastKnownFileType = sourcecode.swift; path = OnboardingView.swift; sourceTree = "<group>"; };
		108B4E0824C2C7FF000F1C4B /* ContentCard.swift */ = {isa = PBXFileReference; lastKnownFileType = sourcecode.swift; path = ContentCard.swift; sourceTree = "<group>"; };
		108B4E0A24C2C925000F1C4B /* SecondaryButton.swift */ = {isa = PBXFileReference; lastKnownFileType = sourcecode.swift; path = SecondaryButton.swift; sourceTree = "<group>"; };
		108B4E0E24C2ECA4000F1C4B /* MessageContentCard.swift */ = {isa = PBXFileReference; lastKnownFileType = sourcecode.swift; path = MessageContentCard.swift; sourceTree = "<group>"; };
		109704BF249675E90012EA76 /* Configuration.swift */ = {isa = PBXFileReference; lastKnownFileType = sourcecode.swift; path = Configuration.swift; sourceTree = "<group>"; };
		109704C2249692D60012EA76 /* AuthenticationSessionView.swift */ = {isa = PBXFileReference; lastKnownFileType = sourcecode.swift; path = AuthenticationSessionView.swift; sourceTree = "<group>"; };
		10A55EBF24B110370099EDAD /* MessageFormViewModel.swift */ = {isa = PBXFileReference; lastKnownFileType = sourcecode.swift; path = MessageFormViewModel.swift; sourceTree = "<group>"; };
		10A55EC124B110480099EDAD /* MessageFormViewBuilder.swift */ = {isa = PBXFileReference; lastKnownFileType = sourcecode.swift; path = MessageFormViewBuilder.swift; sourceTree = "<group>"; };
		10AC9D9B24ACF40C00A3791C /* MultilineTextField.swift */ = {isa = PBXFileReference; lastKnownFileType = sourcecode.swift; path = MultilineTextField.swift; sourceTree = "<group>"; };
		10AC9D9D24ACF96800A3791C /* ImagePickerButton.swift */ = {isa = PBXFileReference; lastKnownFileType = sourcecode.swift; path = ImagePickerButton.swift; sourceTree = "<group>"; };
		10BB85EB24BB6F48005D9829 /* MessageFormBuilderTests.swift */ = {isa = PBXFileReference; lastKnownFileType = sourcecode.swift; path = MessageFormBuilderTests.swift; sourceTree = "<group>"; };
		10C4D43224D544E200CC1123 /* UserDefaults.swift */ = {isa = PBXFileReference; lastKnownFileType = sourcecode.swift; path = UserDefaults.swift; sourceTree = "<group>"; };
		10D5E09A25297AA400E0C34A /* Time.swift */ = {isa = PBXFileReference; lastKnownFileType = sourcecode.swift; path = Time.swift; sourceTree = "<group>"; };
		10D5E09C2531756C00E0C34A /* AwakeConfirmationPresenter.swift */ = {isa = PBXFileReference; lastKnownFileType = sourcecode.swift; path = AwakeConfirmationPresenter.swift; sourceTree = "<group>"; };
		10D5E09E25317AA700E0C34A /* AwakeConfirmationPresenterTests.swift */ = {isa = PBXFileReference; lastKnownFileType = sourcecode.swift; path = AwakeConfirmationPresenterTests.swift; sourceTree = "<group>"; };
		10E57E5D24969C79001B71A4 /* World.swift */ = {isa = PBXFileReference; lastKnownFileType = sourcecode.swift; path = World.swift; sourceTree = "<group>"; };
		10E57E5F24969F03001B71A4 /* LoginPresenter.swift */ = {isa = PBXFileReference; lastKnownFileType = sourcecode.swift; path = LoginPresenter.swift; sourceTree = "<group>"; };
		10E57E612496A062001B71A4 /* LoginViewBuilder.swift */ = {isa = PBXFileReference; lastKnownFileType = sourcecode.swift; path = LoginViewBuilder.swift; sourceTree = "<group>"; };
		10E57E632496A086001B71A4 /* ViewBuilder.swift */ = {isa = PBXFileReference; lastKnownFileType = sourcecode.swift; path = ViewBuilder.swift; sourceTree = "<group>"; };
		10F4221F2497BCB60078AC3C /* NetworkService.swift */ = {isa = PBXFileReference; lastKnownFileType = sourcecode.swift; path = NetworkService.swift; sourceTree = "<group>"; };
		10F422212497C2050078AC3C /* NetworkRequest.swift */ = {isa = PBXFileReference; lastKnownFileType = sourcecode.swift; path = NetworkRequest.swift; sourceTree = "<group>"; };
		10F422232497E9B20078AC3C /* Spinner.swift */ = {isa = PBXFileReference; lastKnownFileType = sourcecode.swift; path = Spinner.swift; sourceTree = "<group>"; };
		10F42225249930CC0078AC3C /* LoginViewModel.swift */ = {isa = PBXFileReference; lastKnownFileType = sourcecode.swift; path = LoginViewModel.swift; sourceTree = "<group>"; };
		10F42229249946960078AC3C /* Toast.swift */ = {isa = PBXFileReference; lastKnownFileType = sourcecode.swift; path = Toast.swift; sourceTree = "<group>"; };
/* End PBXFileReference section */

/* Begin PBXFrameworksBuildPhase section */
		101581572495F8C600AA0B37 /* Frameworks */ = {
			isa = PBXFrameworksBuildPhase;
			buildActionMask = 2147483647;
			files = (
			);
			runOnlyForDeploymentPostprocessing = 0;
		};
		1015816D2495F8CA00AA0B37 /* Frameworks */ = {
			isa = PBXFrameworksBuildPhase;
			buildActionMask = 2147483647;
			files = (
			);
			runOnlyForDeploymentPostprocessing = 0;
		};
/* End PBXFrameworksBuildPhase section */

/* Begin PBXGroup section */
		101581512495F8C600AA0B37 = {
			isa = PBXGroup;
			children = (
				1015815C2495F8C600AA0B37 /* Dozy */,
				101581732495F8CA00AA0B37 /* DozyTests */,
				1015815B2495F8C600AA0B37 /* Products */,
			);
			sourceTree = "<group>";
		};
		1015815B2495F8C600AA0B37 /* Products */ = {
			isa = PBXGroup;
			children = (
				1015815A2495F8C600AA0B37 /* Dozy.app */,
				101581702495F8CA00AA0B37 /* DozyTests.xctest */,
			);
			name = Products;
			sourceTree = "<group>";
		};
		1015815C2495F8C600AA0B37 /* Dozy */ = {
			isa = PBXGroup;
			children = (
				1081AE29249F4C8B00AD6655 /* Utilities */,
				106C5A7424C4524500B8BA9C /* Common */,
				1035D076249605CF006B22FC /* Extensions */,
				1038113A2496680900DC5CEC /* Scenes */,
				1015815D2495F8C600AA0B37 /* AppDelegate.swift */,
				1015815F2495F8C600AA0B37 /* SceneDelegate.swift */,
				105BDB0924DC782A005C9CD7 /* RootViewBuilder.swift */,
				109704BF249675E90012EA76 /* Configuration.swift */,
				10E57E5D24969C79001B71A4 /* World.swift */,
				101581632495F8CA00AA0B37 /* Assets.xcassets */,
				101581682495F8CA00AA0B37 /* LaunchScreen.storyboard */,
				1015816B2495F8CA00AA0B37 /* Info.plist */,
				101581652495F8CA00AA0B37 /* Preview Content */,
				10E57E632496A086001B71A4 /* ViewBuilder.swift */,
			);
			path = Dozy;
			sourceTree = "<group>";
		};
		101581652495F8CA00AA0B37 /* Preview Content */ = {
			isa = PBXGroup;
			children = (
				101581662495F8CA00AA0B37 /* Preview Assets.xcassets */,
			);
			path = "Preview Content";
			sourceTree = "<group>";
		};
		101581732495F8CA00AA0B37 /* DozyTests */ = {
			isa = PBXGroup;
			children = (
				1025D7B924E44A1F00118CD4 /* Extensions */,
				105A182C24BB5C18003177AA /* Utilities */,
				105A182924BB5A02003177AA /* NetworkResponses */,
				1081AE2B249F4CF000AD6655 /* Mocks */,
				1081AE2A249F4CD000AD6655 /* Tests */,
				101581762495F8CA00AA0B37 /* Info.plist */,
			);
			path = DozyTests;
			sourceTree = "<group>";
		};
		1023190D24F160250005F6A6 /* Schedule */ = {
			isa = PBXGroup;
			children = (
				1025D7C024E44BD900118CD4 /* SchedulePresenterTests.swift */,
				1023190E24F1603B0005F6A6 /* SchedulePresenterTimerTests.swift */,
			);
			path = Schedule;
			sourceTree = "<group>";
		};
		1023191024F21C240005F6A6 /* AwakeConfirmation */ = {
			isa = PBXGroup;
			children = (
				1023191124F21C380005F6A6 /* AwakeConfirmationView.swift */,
				10D5E09C2531756C00E0C34A /* AwakeConfirmationPresenter.swift */,
			);
			path = AwakeConfirmation;
			sourceTree = "<group>";
		};
		1025D7B924E44A1F00118CD4 /* Extensions */ = {
			isa = PBXGroup;
			children = (
				1025D7BA24E44A2700118CD4 /* Message.swift */,
				1025D7BC24E44A8A00118CD4 /* Channel.swift */,
				101C332C24E5A726009BD331 /* Schedule.swift */,
			);
			path = Extensions;
			sourceTree = "<group>";
		};
		1032649F24C4487C00863603 /* Schedule */ = {
			isa = PBXGroup;
			children = (
				103264A624C4490200863603 /* View */,
				103264A224C448EB00863603 /* ScheduleViewPresenter.swift */,
				103264A424C448FE00863603 /* ScheduleViewBuilder.swift */,
			);
			path = Schedule;
			sourceTree = "<group>";
		};
		103264A624C4490200863603 /* View */ = {
			isa = PBXGroup;
			children = (
				1032649D24C41F8000863603 /* ScheduleView.swift */,
				103264A024C4488C00863603 /* ScheduleViewModel.swift */,
			);
			path = View;
			sourceTree = "<group>";
		};
		1035D076249605CF006B22FC /* Extensions */ = {
			isa = PBXGroup;
			children = (
				1035D077249605D7006B22FC /* Color.swift */,
				102102AA249F2F0F00084C91 /* URLSession.swift */,
				104856D824A142F80072D00F /* UIDevice.swift */,
				104BCC1F24AB991200C35BDC /* DispatchQueue.swift */,
				10C4D43224D544E200CC1123 /* UserDefaults.swift */,
			);
			path = Extensions;
			sourceTree = "<group>";
		};
		1035D07B24963ED7006B22FC /* Buttons */ = {
			isa = PBXGroup;
			children = (
				1035D07C24963F1F006B22FC /* AlternativeButton.swift */,
				104856D624A0EC520072D00F /* PrimaryButton.swift */,
				10AC9D9D24ACF96800A3791C /* ImagePickerButton.swift */,
				1051E4A924BB184B00566C5B /* ImageButton.swift */,
				108B4E0A24C2C925000F1C4B /* SecondaryButton.swift */,
			);
			path = Buttons;
			sourceTree = "<group>";
		};
		10381137249667D200DC5CEC /* Login */ = {
			isa = PBXGroup;
			children = (
				10F4221E2497B7310078AC3C /* View */,
				10F42225249930CC0078AC3C /* LoginViewModel.swift */,
				10E57E5F24969F03001B71A4 /* LoginPresenter.swift */,
				10E57E612496A062001B71A4 /* LoginViewBuilder.swift */,
			);
			path = Login;
			sourceTree = "<group>";
		};
		10381138249667EB00DC5CEC /* Components */ = {
			isa = PBXGroup;
			children = (
				108B4E0724C2C7EE000F1C4B /* Cards */,
				1035D07B24963ED7006B22FC /* Buttons */,
				10F422232497E9B20078AC3C /* Spinner.swift */,
				10F42229249946960078AC3C /* Toast.swift */,
				10AC9D9B24ACF40C00A3791C /* MultilineTextField.swift */,
				1051E4A724BAF9B300566C5B /* ImagePickerView.swift */,
				1032649B24C32A9900863603 /* Switch.swift */,
				1023191324F2238D0005F6A6 /* Slider.swift */,
				1033ABDC25282A500045BD64 /* TimePicker.swift */,
			);
			path = Components;
			sourceTree = "<group>";
		};
		1038113A2496680900DC5CEC /* Scenes */ = {
			isa = PBXGroup;
			children = (
				1023191024F21C240005F6A6 /* AwakeConfirmation */,
				1032649F24C4487C00863603 /* Schedule */,
				104BE37024B0F03200E02AAD /* MessageForm */,
				10381137249667D200DC5CEC /* Login */,
				105BDB0224D692D7005C9CD7 /* Onboarding */,
			);
			path = Scenes;
			sourceTree = "<group>";
		};
		104BE37024B0F03200E02AAD /* MessageForm */ = {
			isa = PBXGroup;
			children = (
				104BE37324B0F23200E02AAD /* View */,
				10A55EBF24B110370099EDAD /* MessageFormViewModel.swift */,
				104BE37124B0F04400E02AAD /* MessageFormPresenter.swift */,
				10A55EC124B110480099EDAD /* MessageFormViewBuilder.swift */,
			);
			path = MessageForm;
			sourceTree = "<group>";
		};
		104BE37324B0F23200E02AAD /* View */ = {
			isa = PBXGroup;
			children = (
				104BCC2724ABA05300C35BDC /* MessageFormView.swift */,
				104BE37424B0F26A00E02AAD /* ChannelView.swift */,
			);
			path = View;
			sourceTree = "<group>";
		};
		105A182924BB5A02003177AA /* NetworkResponses */ = {
			isa = PBXGroup;
			children = (
				105A182A24BB5A25003177AA /* Channels.json */,
			);
			path = NetworkResponses;
			sourceTree = "<group>";
		};
		105A182C24BB5C18003177AA /* Utilities */ = {
			isa = PBXGroup;
			children = (
				105A182D24BB5C25003177AA /* JSONLoader.swift */,
				10774A1C24BB5FFF00D3CD9F /* TestBundle.swift */,
			);
			path = Utilities;
			sourceTree = "<group>";
		};
		105BDB0224D692D7005C9CD7 /* Onboarding */ = {
			isa = PBXGroup;
			children = (
				1081AE3024A0E84C00AD6655 /* OnboardingView.swift */,
				105BDB0324D692F0005C9CD7 /* OnboardingViewBuilder.swift */,
				105BDB0524D692FD005C9CD7 /* OnboardingPresenter.swift */,
				105BDB0724D6DF8B005C9CD7 /* OnboardingViewModel.swift */,
			);
			path = Onboarding;
			sourceTree = "<group>";
		};
		106C5A7424C4524500B8BA9C /* Common */ = {
			isa = PBXGroup;
			children = (
				106C5A7524C4525300B8BA9C /* Models */,
				10381138249667EB00DC5CEC /* Components */,
			);
			path = Common;
			sourceTree = "<group>";
		};
		106C5A7524C4525300B8BA9C /* Models */ = {
			isa = PBXGroup;
			children = (
				106C5A7624C4528E00B8BA9C /* Channel.swift */,
				106C5A7824C453F600B8BA9C /* Message.swift */,
				105BDB0024D68B72005C9CD7 /* Schedule.swift */,
				10D5E09A25297AA400E0C34A /* Time.swift */,
			);
			path = Models;
			sourceTree = "<group>";
		};
		1081AE29249F4C8B00AD6655 /* Utilities */ = {
			isa = PBXGroup;
			children = (
				10F4221F2497BCB60078AC3C /* NetworkService.swift */,
				10F422212497C2050078AC3C /* NetworkRequest.swift */,
				1081AE25249F387900AD6655 /* WebAuthenticationSession.swift */,
				1081AE2C249F4E0C00AD6655 /* Keychain.swift */,
				104BE36E24B0834B00E02AAD /* KeyboardListener.swift */,
			);
			path = Utilities;
			sourceTree = "<group>";
		};
		1081AE2A249F4CD000AD6655 /* Tests */ = {
			isa = PBXGroup;
			children = (
				1023190D24F160250005F6A6 /* Schedule */,
				10BB85ED24BB6F4C005D9829 /* MessageForm */,
				101581742495F8CA00AA0B37 /* LoginPresenterTests.swift */,
				1033ABDA252821000045BD64 /* OnboardingPresenterTests.swift */,
				10D5E09E25317AA700E0C34A /* AwakeConfirmationPresenterTests.swift */,
			);
			path = Tests;
			sourceTree = "<group>";
		};
		1081AE2B249F4CF000AD6655 /* Mocks */ = {
			isa = PBXGroup;
			children = (
				102102A8249F2EF700084C91 /* URLSessionMock.swift */,
				1081AE27249F44CB00AD6655 /* WebAuthenticationSessionMock.swift */,
				1081AE2E249F585F00AD6655 /* KeychainMock.swift */,
				104BCC2324AB9BD500C35BDC /* WorldMock.swift */,
				104BCC2524AB9C0600C35BDC /* DispatchQueueMock.swift */,
				101C332A24E5A65C009BD331 /* UserDefaultsMock.swift */,
			);
			path = Mocks;
			sourceTree = "<group>";
		};
		108B4E0724C2C7EE000F1C4B /* Cards */ = {
			isa = PBXGroup;
			children = (
				108B4E0824C2C7FF000F1C4B /* ContentCard.swift */,
				108B4E0E24C2ECA4000F1C4B /* MessageContentCard.swift */,
			);
			path = Cards;
			sourceTree = "<group>";
		};
		10BB85ED24BB6F4C005D9829 /* MessageForm */ = {
			isa = PBXGroup;
			children = (
				105A182624BB575D003177AA /* MessageFormPresenterTests.swift */,
				10BB85EB24BB6F48005D9829 /* MessageFormBuilderTests.swift */,
				1025D7B724E448B100118CD4 /* MessageFormDelegateMock.swift */,
			);
			path = MessageForm;
			sourceTree = "<group>";
		};
		10F4221E2497B7310078AC3C /* View */ = {
			isa = PBXGroup;
			children = (
				1035D0722495FF00006B22FC /* LoginView.swift */,
				1035D074249604CE006B22FC /* LoginHeaderView.swift */,
				109704C2249692D60012EA76 /* AuthenticationSessionView.swift */,
			);
			path = View;
			sourceTree = "<group>";
		};
/* End PBXGroup section */

/* Begin PBXNativeTarget section */
		101581592495F8C600AA0B37 /* Dozy */ = {
			isa = PBXNativeTarget;
			buildConfigurationList = 101581792495F8CA00AA0B37 /* Build configuration list for PBXNativeTarget "Dozy" */;
			buildPhases = (
				101581562495F8C600AA0B37 /* Sources */,
				101581572495F8C600AA0B37 /* Frameworks */,
				101581582495F8C600AA0B37 /* Resources */,
				109704C1249679460012EA76 /* Copy Configuration */,
			);
			buildRules = (
			);
			dependencies = (
			);
			name = Dozy;
			productName = Dozy;
			productReference = 1015815A2495F8C600AA0B37 /* Dozy.app */;
			productType = "com.apple.product-type.application";
		};
		1015816F2495F8CA00AA0B37 /* DozyTests */ = {
			isa = PBXNativeTarget;
			buildConfigurationList = 1015817C2495F8CA00AA0B37 /* Build configuration list for PBXNativeTarget "DozyTests" */;
			buildPhases = (
				1015816C2495F8CA00AA0B37 /* Sources */,
				1015816D2495F8CA00AA0B37 /* Frameworks */,
				1015816E2495F8CA00AA0B37 /* Resources */,
			);
			buildRules = (
			);
			dependencies = (
				101581722495F8CA00AA0B37 /* PBXTargetDependency */,
			);
			name = DozyTests;
			productName = DozyTests;
			productReference = 101581702495F8CA00AA0B37 /* DozyTests.xctest */;
			productType = "com.apple.product-type.bundle.unit-test";
		};
/* End PBXNativeTarget section */

/* Begin PBXProject section */
		101581522495F8C600AA0B37 /* Project object */ = {
			isa = PBXProject;
			attributes = {
				LastSwiftUpdateCheck = 1150;
				LastUpgradeCheck = 1150;
				ORGANIZATIONNAME = "Andrew Daniel";
				TargetAttributes = {
					101581592495F8C600AA0B37 = {
						CreatedOnToolsVersion = 11.5;
					};
					1015816F2495F8CA00AA0B37 = {
						CreatedOnToolsVersion = 11.5;
						TestTargetID = 101581592495F8C600AA0B37;
					};
				};
			};
			buildConfigurationList = 101581552495F8C600AA0B37 /* Build configuration list for PBXProject "Dozy" */;
			compatibilityVersion = "Xcode 9.3";
			developmentRegion = en;
			hasScannedForEncodings = 0;
			knownRegions = (
				en,
				Base,
			);
			mainGroup = 101581512495F8C600AA0B37;
			productRefGroup = 1015815B2495F8C600AA0B37 /* Products */;
			projectDirPath = "";
			projectRoot = "";
			targets = (
				101581592495F8C600AA0B37 /* Dozy */,
				1015816F2495F8CA00AA0B37 /* DozyTests */,
			);
		};
/* End PBXProject section */

/* Begin PBXResourcesBuildPhase section */
		101581582495F8C600AA0B37 /* Resources */ = {
			isa = PBXResourcesBuildPhase;
			buildActionMask = 2147483647;
			files = (
				1015816A2495F8CA00AA0B37 /* LaunchScreen.storyboard in Resources */,
				101581672495F8CA00AA0B37 /* Preview Assets.xcassets in Resources */,
				101581642495F8CA00AA0B37 /* Assets.xcassets in Resources */,
			);
			runOnlyForDeploymentPostprocessing = 0;
		};
		1015816E2495F8CA00AA0B37 /* Resources */ = {
			isa = PBXResourcesBuildPhase;
			buildActionMask = 2147483647;
			files = (
				105A182B24BB5A25003177AA /* Channels.json in Resources */,
			);
			runOnlyForDeploymentPostprocessing = 0;
		};
/* End PBXResourcesBuildPhase section */

/* Begin PBXShellScriptBuildPhase section */
		109704C1249679460012EA76 /* Copy Configuration */ = {
			isa = PBXShellScriptBuildPhase;
			buildActionMask = 2147483647;
			files = (
			);
			inputFileListPaths = (
			);
			inputPaths = (
			);
			name = "Copy Configuration";
			outputFileListPaths = (
			);
			outputPaths = (
			);
			runOnlyForDeploymentPostprocessing = 0;
			shellPath = /bin/sh;
			shellScript = "BUILD_DIR=\"${BUILT_PRODUCTS_DIR}/${FULL_PRODUCT_NAME}\"\ncp -R \"${SRCROOT}/Dozy/Configuration.plist\" ${BUILD_DIR}\n";
		};
/* End PBXShellScriptBuildPhase section */

/* Begin PBXSourcesBuildPhase section */
		101581562495F8C600AA0B37 /* Sources */ = {
			isa = PBXSourcesBuildPhase;
			buildActionMask = 2147483647;
			files = (
				104856D924A142F80072D00F /* UIDevice.swift in Sources */,
				1015815E2495F8C600AA0B37 /* AppDelegate.swift in Sources */,
				104BE37524B0F26A00E02AAD /* ChannelView.swift in Sources */,
				103264A124C4488C00863603 /* ScheduleViewModel.swift in Sources */,
				1051E4A824BAF9B300566C5B /* ImagePickerView.swift in Sources */,
				105BDB0824D6DF8B005C9CD7 /* OnboardingViewModel.swift in Sources */,
				1035D075249604CE006B22FC /* LoginHeaderView.swift in Sources */,
				102102AB249F2F0F00084C91 /* URLSession.swift in Sources */,
				10F422222497C2050078AC3C /* NetworkRequest.swift in Sources */,
				10F4222A249946970078AC3C /* Toast.swift in Sources */,
				10AC9D9C24ACF40C00A3791C /* MultilineTextField.swift in Sources */,
				105BDB0A24DC782B005C9CD7 /* RootViewBuilder.swift in Sources */,
				1081AE2D249F4E0C00AD6655 /* Keychain.swift in Sources */,
				103264A524C448FE00863603 /* ScheduleViewBuilder.swift in Sources */,
				104856D724A0EC520072D00F /* PrimaryButton.swift in Sources */,
				1032649E24C41F8000863603 /* ScheduleView.swift in Sources */,
				101581602495F8C600AA0B37 /* SceneDelegate.swift in Sources */,
				105BDB0624D692FD005C9CD7 /* OnboardingPresenter.swift in Sources */,
				109704C0249675E90012EA76 /* Configuration.swift in Sources */,
				103264A324C448EB00863603 /* ScheduleViewPresenter.swift in Sources */,
				106C5A7924C453F600B8BA9C /* Message.swift in Sources */,
				1035D0732495FF00006B22FC /* LoginView.swift in Sources */,
				109704C3249692D60012EA76 /* AuthenticationSessionView.swift in Sources */,
				10AC9D9E24ACF96800A3791C /* ImagePickerButton.swift in Sources */,
				106C5A7724C4528E00B8BA9C /* Channel.swift in Sources */,
				10E57E5E24969C79001B71A4 /* World.swift in Sources */,
				1081AE26249F387900AD6655 /* WebAuthenticationSession.swift in Sources */,
				10F42226249930CC0078AC3C /* LoginViewModel.swift in Sources */,
				10E57E642496A086001B71A4 /* ViewBuilder.swift in Sources */,
				104BCC2824ABA05300C35BDC /* MessageFormView.swift in Sources */,
				10E57E622496A062001B71A4 /* LoginViewBuilder.swift in Sources */,
				10A55EC224B110480099EDAD /* MessageFormViewBuilder.swift in Sources */,
				10E57E6024969F03001B71A4 /* LoginPresenter.swift in Sources */,
				108B4E0B24C2C925000F1C4B /* SecondaryButton.swift in Sources */,
				1023191224F21C380005F6A6 /* AwakeConfirmationView.swift in Sources */,
				104BE36F24B0834B00E02AAD /* KeyboardListener.swift in Sources */,
				10F422202497BCB60078AC3C /* NetworkService.swift in Sources */,
				1081AE3124A0E84C00AD6655 /* OnboardingView.swift in Sources */,
				1023191424F2238D0005F6A6 /* Slider.swift in Sources */,
				10A55EC024B110370099EDAD /* MessageFormViewModel.swift in Sources */,
				108B4E0924C2C7FF000F1C4B /* ContentCard.swift in Sources */,
				1035D07D24963F1F006B22FC /* AlternativeButton.swift in Sources */,
				10D5E09B25297AA400E0C34A /* Time.swift in Sources */,
				1035D078249605D7006B22FC /* Color.swift in Sources */,
				104BCC2024AB991200C35BDC /* DispatchQueue.swift in Sources */,
				105BDB0424D692F0005C9CD7 /* OnboardingViewBuilder.swift in Sources */,
				1051E4AA24BB184B00566C5B /* ImageButton.swift in Sources */,
				104BE37224B0F04400E02AAD /* MessageFormPresenter.swift in Sources */,
				10D5E09D2531756C00E0C34A /* AwakeConfirmationPresenter.swift in Sources */,
				10C4D43324D544E200CC1123 /* UserDefaults.swift in Sources */,
				10F422242497E9B20078AC3C /* Spinner.swift in Sources */,
				108B4E0F24C2ECA4000F1C4B /* MessageContentCard.swift in Sources */,
				105BDB0124D68B72005C9CD7 /* Schedule.swift in Sources */,
				1032649C24C32A9900863603 /* Switch.swift in Sources */,
				1033ABDD25282A500045BD64 /* TimePicker.swift in Sources */,
			);
			runOnlyForDeploymentPostprocessing = 0;
		};
		1015816C2495F8CA00AA0B37 /* Sources */ = {
			isa = PBXSourcesBuildPhase;
			buildActionMask = 2147483647;
			files = (
				101C332B24E5A65C009BD331 /* UserDefaultsMock.swift in Sources */,
				102102A9249F2EF700084C91 /* URLSessionMock.swift in Sources */,
				1025D7B824E448B100118CD4 /* MessageFormDelegateMock.swift in Sources */,
				10774A1D24BB5FFF00D3CD9F /* TestBundle.swift in Sources */,
				1025D7BD24E44A8A00118CD4 /* Channel.swift in Sources */,
				1081AE28249F44CB00AD6655 /* WebAuthenticationSessionMock.swift in Sources */,
				101C332D24E5A726009BD331 /* Schedule.swift in Sources */,
				105A182724BB575D003177AA /* MessageFormPresenterTests.swift in Sources */,
				1023190F24F1603B0005F6A6 /* SchedulePresenterTimerTests.swift in Sources */,
				10D5E09F25317AA700E0C34A /* AwakeConfirmationPresenterTests.swift in Sources */,
				101581752495F8CA00AA0B37 /* LoginPresenterTests.swift in Sources */,
				105A182E24BB5C25003177AA /* JSONLoader.swift in Sources */,
				1033ABDB252821000045BD64 /* OnboardingPresenterTests.swift in Sources */,
				104BCC2624AB9C0600C35BDC /* DispatchQueueMock.swift in Sources */,
				10BB85EC24BB6F48005D9829 /* MessageFormBuilderTests.swift in Sources */,
				1025D7BB24E44A2700118CD4 /* Message.swift in Sources */,
				1025D7C124E44BD900118CD4 /* SchedulePresenterTests.swift in Sources */,
				1081AE2F249F585F00AD6655 /* KeychainMock.swift in Sources */,
				104BCC2424AB9BD500C35BDC /* WorldMock.swift in Sources */,
			);
			runOnlyForDeploymentPostprocessing = 0;
		};
/* End PBXSourcesBuildPhase section */

/* Begin PBXTargetDependency section */
		101581722495F8CA00AA0B37 /* PBXTargetDependency */ = {
			isa = PBXTargetDependency;
			target = 101581592495F8C600AA0B37 /* Dozy */;
			targetProxy = 101581712495F8CA00AA0B37 /* PBXContainerItemProxy */;
		};
/* End PBXTargetDependency section */

/* Begin PBXVariantGroup section */
		101581682495F8CA00AA0B37 /* LaunchScreen.storyboard */ = {
			isa = PBXVariantGroup;
			children = (
				101581692495F8CA00AA0B37 /* Base */,
			);
			name = LaunchScreen.storyboard;
			sourceTree = "<group>";
		};
/* End PBXVariantGroup section */

/* Begin XCBuildConfiguration section */
		101581772495F8CA00AA0B37 /* Debug */ = {
			isa = XCBuildConfiguration;
			buildSettings = {
				ALWAYS_SEARCH_USER_PATHS = NO;
				CLANG_ANALYZER_NONNULL = YES;
				CLANG_ANALYZER_NUMBER_OBJECT_CONVERSION = YES_AGGRESSIVE;
				CLANG_CXX_LANGUAGE_STANDARD = "gnu++14";
				CLANG_CXX_LIBRARY = "libc++";
				CLANG_ENABLE_MODULES = YES;
				CLANG_ENABLE_OBJC_ARC = YES;
				CLANG_ENABLE_OBJC_WEAK = YES;
				CLANG_WARN_BLOCK_CAPTURE_AUTORELEASING = YES;
				CLANG_WARN_BOOL_CONVERSION = YES;
				CLANG_WARN_COMMA = YES;
				CLANG_WARN_CONSTANT_CONVERSION = YES;
				CLANG_WARN_DEPRECATED_OBJC_IMPLEMENTATIONS = YES;
				CLANG_WARN_DIRECT_OBJC_ISA_USAGE = YES_ERROR;
				CLANG_WARN_DOCUMENTATION_COMMENTS = YES;
				CLANG_WARN_EMPTY_BODY = YES;
				CLANG_WARN_ENUM_CONVERSION = YES;
				CLANG_WARN_INFINITE_RECURSION = YES;
				CLANG_WARN_INT_CONVERSION = YES;
				CLANG_WARN_NON_LITERAL_NULL_CONVERSION = YES;
				CLANG_WARN_OBJC_IMPLICIT_RETAIN_SELF = YES;
				CLANG_WARN_OBJC_LITERAL_CONVERSION = YES;
				CLANG_WARN_OBJC_ROOT_CLASS = YES_ERROR;
				CLANG_WARN_RANGE_LOOP_ANALYSIS = YES;
				CLANG_WARN_STRICT_PROTOTYPES = YES;
				CLANG_WARN_SUSPICIOUS_MOVE = YES;
				CLANG_WARN_UNGUARDED_AVAILABILITY = YES_AGGRESSIVE;
				CLANG_WARN_UNREACHABLE_CODE = YES;
				CLANG_WARN__DUPLICATE_METHOD_MATCH = YES;
				COPY_PHASE_STRIP = NO;
				DEBUG_INFORMATION_FORMAT = dwarf;
				ENABLE_STRICT_OBJC_MSGSEND = YES;
				ENABLE_TESTABILITY = YES;
				GCC_C_LANGUAGE_STANDARD = gnu11;
				GCC_DYNAMIC_NO_PIC = NO;
				GCC_NO_COMMON_BLOCKS = YES;
				GCC_OPTIMIZATION_LEVEL = 0;
				GCC_PREPROCESSOR_DEFINITIONS = (
					"DEBUG=1",
					"$(inherited)",
				);
				GCC_WARN_64_TO_32_BIT_CONVERSION = YES;
				GCC_WARN_ABOUT_RETURN_TYPE = YES_ERROR;
				GCC_WARN_UNDECLARED_SELECTOR = YES;
				GCC_WARN_UNINITIALIZED_AUTOS = YES_AGGRESSIVE;
				GCC_WARN_UNUSED_FUNCTION = YES;
				GCC_WARN_UNUSED_VARIABLE = YES;
				IPHONEOS_DEPLOYMENT_TARGET = 13.0;
				MTL_ENABLE_DEBUG_INFO = INCLUDE_SOURCE;
				MTL_FAST_MATH = YES;
				ONLY_ACTIVE_ARCH = YES;
				SDKROOT = iphoneos;
				SWIFT_ACTIVE_COMPILATION_CONDITIONS = DEBUG;
				SWIFT_OPTIMIZATION_LEVEL = "-Onone";
			};
			name = Debug;
		};
		101581782495F8CA00AA0B37 /* Release */ = {
			isa = XCBuildConfiguration;
			buildSettings = {
				ALWAYS_SEARCH_USER_PATHS = NO;
				CLANG_ANALYZER_NONNULL = YES;
				CLANG_ANALYZER_NUMBER_OBJECT_CONVERSION = YES_AGGRESSIVE;
				CLANG_CXX_LANGUAGE_STANDARD = "gnu++14";
				CLANG_CXX_LIBRARY = "libc++";
				CLANG_ENABLE_MODULES = YES;
				CLANG_ENABLE_OBJC_ARC = YES;
				CLANG_ENABLE_OBJC_WEAK = YES;
				CLANG_WARN_BLOCK_CAPTURE_AUTORELEASING = YES;
				CLANG_WARN_BOOL_CONVERSION = YES;
				CLANG_WARN_COMMA = YES;
				CLANG_WARN_CONSTANT_CONVERSION = YES;
				CLANG_WARN_DEPRECATED_OBJC_IMPLEMENTATIONS = YES;
				CLANG_WARN_DIRECT_OBJC_ISA_USAGE = YES_ERROR;
				CLANG_WARN_DOCUMENTATION_COMMENTS = YES;
				CLANG_WARN_EMPTY_BODY = YES;
				CLANG_WARN_ENUM_CONVERSION = YES;
				CLANG_WARN_INFINITE_RECURSION = YES;
				CLANG_WARN_INT_CONVERSION = YES;
				CLANG_WARN_NON_LITERAL_NULL_CONVERSION = YES;
				CLANG_WARN_OBJC_IMPLICIT_RETAIN_SELF = YES;
				CLANG_WARN_OBJC_LITERAL_CONVERSION = YES;
				CLANG_WARN_OBJC_ROOT_CLASS = YES_ERROR;
				CLANG_WARN_RANGE_LOOP_ANALYSIS = YES;
				CLANG_WARN_STRICT_PROTOTYPES = YES;
				CLANG_WARN_SUSPICIOUS_MOVE = YES;
				CLANG_WARN_UNGUARDED_AVAILABILITY = YES_AGGRESSIVE;
				CLANG_WARN_UNREACHABLE_CODE = YES;
				CLANG_WARN__DUPLICATE_METHOD_MATCH = YES;
				COPY_PHASE_STRIP = NO;
				DEBUG_INFORMATION_FORMAT = "dwarf-with-dsym";
				ENABLE_NS_ASSERTIONS = NO;
				ENABLE_STRICT_OBJC_MSGSEND = YES;
				GCC_C_LANGUAGE_STANDARD = gnu11;
				GCC_NO_COMMON_BLOCKS = YES;
				GCC_WARN_64_TO_32_BIT_CONVERSION = YES;
				GCC_WARN_ABOUT_RETURN_TYPE = YES_ERROR;
				GCC_WARN_UNDECLARED_SELECTOR = YES;
				GCC_WARN_UNINITIALIZED_AUTOS = YES_AGGRESSIVE;
				GCC_WARN_UNUSED_FUNCTION = YES;
				GCC_WARN_UNUSED_VARIABLE = YES;
				IPHONEOS_DEPLOYMENT_TARGET = 13.0;
				MTL_ENABLE_DEBUG_INFO = NO;
				MTL_FAST_MATH = YES;
				SDKROOT = iphoneos;
				SWIFT_COMPILATION_MODE = wholemodule;
				SWIFT_OPTIMIZATION_LEVEL = "-O";
				VALIDATE_PRODUCT = YES;
			};
			name = Release;
		};
		1015817A2495F8CA00AA0B37 /* Debug */ = {
			isa = XCBuildConfiguration;
			buildSettings = {
				ASSETCATALOG_COMPILER_APPICON_NAME = AppIcon;
				CODE_SIGN_STYLE = Automatic;
				DEVELOPMENT_ASSET_PATHS = "\"Dozy/Preview Content\"";
				DEVELOPMENT_TEAM = A229E9TMUD;
				ENABLE_PREVIEWS = YES;
				INFOPLIST_FILE = Dozy/Info.plist;
				IPHONEOS_DEPLOYMENT_TARGET = 13.0;
				LD_RUNPATH_SEARCH_PATHS = (
					"$(inherited)",
					"@executable_path/Frameworks",
				);
				PRODUCT_BUNDLE_IDENTIFIER = com.andydotdaniel.Dozy;
				PRODUCT_NAME = "$(TARGET_NAME)";
				SWIFT_VERSION = 5.0;
				TARGETED_DEVICE_FAMILY = 1;
			};
			name = Debug;
		};
		1015817B2495F8CA00AA0B37 /* Release */ = {
			isa = XCBuildConfiguration;
			buildSettings = {
				ASSETCATALOG_COMPILER_APPICON_NAME = AppIcon;
				CODE_SIGN_STYLE = Automatic;
				DEVELOPMENT_ASSET_PATHS = "\"Dozy/Preview Content\"";
				DEVELOPMENT_TEAM = A229E9TMUD;
				ENABLE_PREVIEWS = YES;
				INFOPLIST_FILE = Dozy/Info.plist;
				IPHONEOS_DEPLOYMENT_TARGET = 13.0;
				LD_RUNPATH_SEARCH_PATHS = (
					"$(inherited)",
					"@executable_path/Frameworks",
				);
				PRODUCT_BUNDLE_IDENTIFIER = com.andydotdaniel.Dozy;
				PRODUCT_NAME = "$(TARGET_NAME)";
				SWIFT_VERSION = 5.0;
				TARGETED_DEVICE_FAMILY = 1;
			};
			name = Release;
		};
		1015817D2495F8CA00AA0B37 /* Debug */ = {
			isa = XCBuildConfiguration;
			buildSettings = {
				ALWAYS_EMBED_SWIFT_STANDARD_LIBRARIES = YES;
				BUNDLE_LOADER = "$(TEST_HOST)";
				CODE_SIGN_STYLE = Automatic;
				DEVELOPMENT_TEAM = A229E9TMUD;
				INFOPLIST_FILE = DozyTests/Info.plist;
				IPHONEOS_DEPLOYMENT_TARGET = 13.5;
				LD_RUNPATH_SEARCH_PATHS = (
					"$(inherited)",
					"@executable_path/Frameworks",
					"@loader_path/Frameworks",
				);
				PRODUCT_BUNDLE_IDENTIFIER = com.andydotdaniel.DozyTests;
				PRODUCT_NAME = "$(TARGET_NAME)";
				SWIFT_VERSION = 5.0;
				TARGETED_DEVICE_FAMILY = "1,2";
				TEST_HOST = "$(BUILT_PRODUCTS_DIR)/Dozy.app/Dozy";
			};
			name = Debug;
		};
		1015817E2495F8CA00AA0B37 /* Release */ = {
			isa = XCBuildConfiguration;
			buildSettings = {
				ALWAYS_EMBED_SWIFT_STANDARD_LIBRARIES = YES;
				BUNDLE_LOADER = "$(TEST_HOST)";
				CODE_SIGN_STYLE = Automatic;
				DEVELOPMENT_TEAM = A229E9TMUD;
				INFOPLIST_FILE = DozyTests/Info.plist;
				IPHONEOS_DEPLOYMENT_TARGET = 13.5;
				LD_RUNPATH_SEARCH_PATHS = (
					"$(inherited)",
					"@executable_path/Frameworks",
					"@loader_path/Frameworks",
				);
				PRODUCT_BUNDLE_IDENTIFIER = com.andydotdaniel.DozyTests;
				PRODUCT_NAME = "$(TARGET_NAME)";
				SWIFT_VERSION = 5.0;
				TARGETED_DEVICE_FAMILY = "1,2";
				TEST_HOST = "$(BUILT_PRODUCTS_DIR)/Dozy.app/Dozy";
			};
			name = Release;
		};
/* End XCBuildConfiguration section */

/* Begin XCConfigurationList section */
		101581552495F8C600AA0B37 /* Build configuration list for PBXProject "Dozy" */ = {
			isa = XCConfigurationList;
			buildConfigurations = (
				101581772495F8CA00AA0B37 /* Debug */,
				101581782495F8CA00AA0B37 /* Release */,
			);
			defaultConfigurationIsVisible = 0;
			defaultConfigurationName = Release;
		};
		101581792495F8CA00AA0B37 /* Build configuration list for PBXNativeTarget "Dozy" */ = {
			isa = XCConfigurationList;
			buildConfigurations = (
				1015817A2495F8CA00AA0B37 /* Debug */,
				1015817B2495F8CA00AA0B37 /* Release */,
			);
			defaultConfigurationIsVisible = 0;
			defaultConfigurationName = Release;
		};
		1015817C2495F8CA00AA0B37 /* Build configuration list for PBXNativeTarget "DozyTests" */ = {
			isa = XCConfigurationList;
			buildConfigurations = (
				1015817D2495F8CA00AA0B37 /* Debug */,
				1015817E2495F8CA00AA0B37 /* Release */,
			);
			defaultConfigurationIsVisible = 0;
			defaultConfigurationName = Release;
		};
/* End XCConfigurationList section */
	};
	rootObject = 101581522495F8C600AA0B37 /* Project object */;
}
