// !$*UTF8*$!
{
	archiveVersion = 1;
	classes = {
	};
	objectVersion = 50;
	objects = {

/* Begin PBXBuildFile section */
		1015815E2495F8C600AA0B37 /* AppDelegate.swift in Sources */ = {isa = PBXBuildFile; fileRef = 1015815D2495F8C600AA0B37 /* AppDelegate.swift */; };
		101581602495F8C600AA0B37 /* SceneDelegate.swift in Sources */ = {isa = PBXBuildFile; fileRef = 1015815F2495F8C600AA0B37 /* SceneDelegate.swift */; };
		101581622495F8C600AA0B37 /* ContentView.swift in Sources */ = {isa = PBXBuildFile; fileRef = 101581612495F8C600AA0B37 /* ContentView.swift */; };
		101581642495F8CA00AA0B37 /* Assets.xcassets in Resources */ = {isa = PBXBuildFile; fileRef = 101581632495F8CA00AA0B37 /* Assets.xcassets */; };
		101581672495F8CA00AA0B37 /* Preview Assets.xcassets in Resources */ = {isa = PBXBuildFile; fileRef = 101581662495F8CA00AA0B37 /* Preview Assets.xcassets */; };
		1015816A2495F8CA00AA0B37 /* LaunchScreen.storyboard in Resources */ = {isa = PBXBuildFile; fileRef = 101581682495F8CA00AA0B37 /* LaunchScreen.storyboard */; };
		101581752495F8CA00AA0B37 /* LoginTests.swift in Sources */ = {isa = PBXBuildFile; fileRef = 101581742495F8CA00AA0B37 /* LoginTests.swift */; };
		102102A9249F2EF700084C91 /* URLSessionMock.swift in Sources */ = {isa = PBXBuildFile; fileRef = 102102A8249F2EF700084C91 /* URLSessionMock.swift */; };
		102102AB249F2F0F00084C91 /* URLSession.swift in Sources */ = {isa = PBXBuildFile; fileRef = 102102AA249F2F0F00084C91 /* URLSession.swift */; };
		1035D0732495FF00006B22FC /* LoginView.swift in Sources */ = {isa = PBXBuildFile; fileRef = 1035D0722495FF00006B22FC /* LoginView.swift */; };
		1035D075249604CE006B22FC /* LoginHeaderView.swift in Sources */ = {isa = PBXBuildFile; fileRef = 1035D074249604CE006B22FC /* LoginHeaderView.swift */; };
		1035D078249605D7006B22FC /* Color.swift in Sources */ = {isa = PBXBuildFile; fileRef = 1035D077249605D7006B22FC /* Color.swift */; };
		1035D07D24963F1F006B22FC /* AlternativeButton.swift in Sources */ = {isa = PBXBuildFile; fileRef = 1035D07C24963F1F006B22FC /* AlternativeButton.swift */; };
		1038113C24966CA000DC5CEC /* SafariView.swift in Sources */ = {isa = PBXBuildFile; fileRef = 1038113B24966CA000DC5CEC /* SafariView.swift */; };
		1081AE26249F387900AD6655 /* WebAuthenticationSession.swift in Sources */ = {isa = PBXBuildFile; fileRef = 1081AE25249F387900AD6655 /* WebAuthenticationSession.swift */; };
		1081AE28249F44CB00AD6655 /* WebAuthenticationSessionMock.swift in Sources */ = {isa = PBXBuildFile; fileRef = 1081AE27249F44CB00AD6655 /* WebAuthenticationSessionMock.swift */; };
		1081AE2D249F4E0C00AD6655 /* Keychain.swift in Sources */ = {isa = PBXBuildFile; fileRef = 1081AE2C249F4E0C00AD6655 /* Keychain.swift */; };
		1081AE2F249F585F00AD6655 /* KeychainMock.swift in Sources */ = {isa = PBXBuildFile; fileRef = 1081AE2E249F585F00AD6655 /* KeychainMock.swift */; };
		109704C0249675E90012EA76 /* Configuration.swift in Sources */ = {isa = PBXBuildFile; fileRef = 109704BF249675E90012EA76 /* Configuration.swift */; };
		109704C3249692D60012EA76 /* AuthenticationSessionView.swift in Sources */ = {isa = PBXBuildFile; fileRef = 109704C2249692D60012EA76 /* AuthenticationSessionView.swift */; };
		10E57E5E24969C79001B71A4 /* World.swift in Sources */ = {isa = PBXBuildFile; fileRef = 10E57E5D24969C79001B71A4 /* World.swift */; };
		10E57E6024969F03001B71A4 /* LoginPresenter.swift in Sources */ = {isa = PBXBuildFile; fileRef = 10E57E5F24969F03001B71A4 /* LoginPresenter.swift */; };
		10E57E622496A062001B71A4 /* LoginViewBuilder.swift in Sources */ = {isa = PBXBuildFile; fileRef = 10E57E612496A062001B71A4 /* LoginViewBuilder.swift */; };
		10E57E642496A086001B71A4 /* ViewBuilder.swift in Sources */ = {isa = PBXBuildFile; fileRef = 10E57E632496A086001B71A4 /* ViewBuilder.swift */; };
		10F422202497BCB60078AC3C /* NetworkService.swift in Sources */ = {isa = PBXBuildFile; fileRef = 10F4221F2497BCB60078AC3C /* NetworkService.swift */; };
		10F422222497C2050078AC3C /* NetworkRequest.swift in Sources */ = {isa = PBXBuildFile; fileRef = 10F422212497C2050078AC3C /* NetworkRequest.swift */; };
		10F422242497E9B20078AC3C /* Spinner.swift in Sources */ = {isa = PBXBuildFile; fileRef = 10F422232497E9B20078AC3C /* Spinner.swift */; };
		10F42226249930CC0078AC3C /* LoginViewModel.swift in Sources */ = {isa = PBXBuildFile; fileRef = 10F42225249930CC0078AC3C /* LoginViewModel.swift */; };
		10F4222A249946970078AC3C /* Toast.swift in Sources */ = {isa = PBXBuildFile; fileRef = 10F42229249946960078AC3C /* Toast.swift */; };
/* End PBXBuildFile section */

/* Begin PBXContainerItemProxy section */
		101581712495F8CA00AA0B37 /* PBXContainerItemProxy */ = {
			isa = PBXContainerItemProxy;
			containerPortal = 101581522495F8C600AA0B37 /* Project object */;
			proxyType = 1;
			remoteGlobalIDString = 101581592495F8C600AA0B37;
			remoteInfo = Dozy;
		};
/* End PBXContainerItemProxy section */

/* Begin PBXFileReference section */
		1015815A2495F8C600AA0B37 /* Dozy.app */ = {isa = PBXFileReference; explicitFileType = wrapper.application; includeInIndex = 0; path = Dozy.app; sourceTree = BUILT_PRODUCTS_DIR; };
		1015815D2495F8C600AA0B37 /* AppDelegate.swift */ = {isa = PBXFileReference; lastKnownFileType = sourcecode.swift; path = AppDelegate.swift; sourceTree = "<group>"; };
		1015815F2495F8C600AA0B37 /* SceneDelegate.swift */ = {isa = PBXFileReference; lastKnownFileType = sourcecode.swift; path = SceneDelegate.swift; sourceTree = "<group>"; };
		101581612495F8C600AA0B37 /* ContentView.swift */ = {isa = PBXFileReference; lastKnownFileType = sourcecode.swift; path = ContentView.swift; sourceTree = "<group>"; };
		101581632495F8CA00AA0B37 /* Assets.xcassets */ = {isa = PBXFileReference; lastKnownFileType = folder.assetcatalog; path = Assets.xcassets; sourceTree = "<group>"; };
		101581662495F8CA00AA0B37 /* Preview Assets.xcassets */ = {isa = PBXFileReference; lastKnownFileType = folder.assetcatalog; path = "Preview Assets.xcassets"; sourceTree = "<group>"; };
		101581692495F8CA00AA0B37 /* Base */ = {isa = PBXFileReference; lastKnownFileType = file.storyboard; name = Base; path = Base.lproj/LaunchScreen.storyboard; sourceTree = "<group>"; };
		1015816B2495F8CA00AA0B37 /* Info.plist */ = {isa = PBXFileReference; lastKnownFileType = text.plist.xml; path = Info.plist; sourceTree = "<group>"; };
		101581702495F8CA00AA0B37 /* DozyTests.xctest */ = {isa = PBXFileReference; explicitFileType = wrapper.cfbundle; includeInIndex = 0; path = DozyTests.xctest; sourceTree = BUILT_PRODUCTS_DIR; };
		101581742495F8CA00AA0B37 /* LoginTests.swift */ = {isa = PBXFileReference; lastKnownFileType = sourcecode.swift; path = LoginTests.swift; sourceTree = "<group>"; };
		101581762495F8CA00AA0B37 /* Info.plist */ = {isa = PBXFileReference; lastKnownFileType = text.plist.xml; path = Info.plist; sourceTree = "<group>"; };
		102102A8249F2EF700084C91 /* URLSessionMock.swift */ = {isa = PBXFileReference; lastKnownFileType = sourcecode.swift; path = URLSessionMock.swift; sourceTree = "<group>"; };
		102102AA249F2F0F00084C91 /* URLSession.swift */ = {isa = PBXFileReference; lastKnownFileType = sourcecode.swift; path = URLSession.swift; sourceTree = "<group>"; };
		1035D0722495FF00006B22FC /* LoginView.swift */ = {isa = PBXFileReference; lastKnownFileType = sourcecode.swift; path = LoginView.swift; sourceTree = "<group>"; };
		1035D074249604CE006B22FC /* LoginHeaderView.swift */ = {isa = PBXFileReference; lastKnownFileType = sourcecode.swift; path = LoginHeaderView.swift; sourceTree = "<group>"; };
		1035D077249605D7006B22FC /* Color.swift */ = {isa = PBXFileReference; lastKnownFileType = sourcecode.swift; path = Color.swift; sourceTree = "<group>"; };
		1035D07C24963F1F006B22FC /* AlternativeButton.swift */ = {isa = PBXFileReference; lastKnownFileType = sourcecode.swift; path = AlternativeButton.swift; sourceTree = "<group>"; };
		1038113B24966CA000DC5CEC /* SafariView.swift */ = {isa = PBXFileReference; lastKnownFileType = sourcecode.swift; path = SafariView.swift; sourceTree = "<group>"; };
		1081AE25249F387900AD6655 /* WebAuthenticationSession.swift */ = {isa = PBXFileReference; lastKnownFileType = sourcecode.swift; path = WebAuthenticationSession.swift; sourceTree = "<group>"; };
		1081AE27249F44CB00AD6655 /* WebAuthenticationSessionMock.swift */ = {isa = PBXFileReference; lastKnownFileType = sourcecode.swift; path = WebAuthenticationSessionMock.swift; sourceTree = "<group>"; };
		1081AE2C249F4E0C00AD6655 /* Keychain.swift */ = {isa = PBXFileReference; lastKnownFileType = sourcecode.swift; path = Keychain.swift; sourceTree = "<group>"; };
		1081AE2E249F585F00AD6655 /* KeychainMock.swift */ = {isa = PBXFileReference; lastKnownFileType = sourcecode.swift; path = KeychainMock.swift; sourceTree = "<group>"; };
		109704BF249675E90012EA76 /* Configuration.swift */ = {isa = PBXFileReference; lastKnownFileType = sourcecode.swift; path = Configuration.swift; sourceTree = "<group>"; };
		109704C2249692D60012EA76 /* AuthenticationSessionView.swift */ = {isa = PBXFileReference; lastKnownFileType = sourcecode.swift; path = AuthenticationSessionView.swift; sourceTree = "<group>"; };
		10E57E5D24969C79001B71A4 /* World.swift */ = {isa = PBXFileReference; lastKnownFileType = sourcecode.swift; path = World.swift; sourceTree = "<group>"; };
		10E57E5F24969F03001B71A4 /* LoginPresenter.swift */ = {isa = PBXFileReference; lastKnownFileType = sourcecode.swift; path = LoginPresenter.swift; sourceTree = "<group>"; };
		10E57E612496A062001B71A4 /* LoginViewBuilder.swift */ = {isa = PBXFileReference; lastKnownFileType = sourcecode.swift; path = LoginViewBuilder.swift; sourceTree = "<group>"; };
		10E57E632496A086001B71A4 /* ViewBuilder.swift */ = {isa = PBXFileReference; lastKnownFileType = sourcecode.swift; path = ViewBuilder.swift; sourceTree = "<group>"; };
		10F4221F2497BCB60078AC3C /* NetworkService.swift */ = {isa = PBXFileReference; lastKnownFileType = sourcecode.swift; path = NetworkService.swift; sourceTree = "<group>"; };
		10F422212497C2050078AC3C /* NetworkRequest.swift */ = {isa = PBXFileReference; lastKnownFileType = sourcecode.swift; path = NetworkRequest.swift; sourceTree = "<group>"; };
		10F422232497E9B20078AC3C /* Spinner.swift */ = {isa = PBXFileReference; lastKnownFileType = sourcecode.swift; path = Spinner.swift; sourceTree = "<group>"; };
		10F42225249930CC0078AC3C /* LoginViewModel.swift */ = {isa = PBXFileReference; lastKnownFileType = sourcecode.swift; path = LoginViewModel.swift; sourceTree = "<group>"; };
		10F42229249946960078AC3C /* Toast.swift */ = {isa = PBXFileReference; lastKnownFileType = sourcecode.swift; path = Toast.swift; sourceTree = "<group>"; };
/* End PBXFileReference section */

/* Begin PBXFrameworksBuildPhase section */
		101581572495F8C600AA0B37 /* Frameworks */ = {
			isa = PBXFrameworksBuildPhase;
			buildActionMask = 2147483647;
			files = (
			);
			runOnlyForDeploymentPostprocessing = 0;
		};
		1015816D2495F8CA00AA0B37 /* Frameworks */ = {
			isa = PBXFrameworksBuildPhase;
			buildActionMask = 2147483647;
			files = (
			);
			runOnlyForDeploymentPostprocessing = 0;
		};
/* End PBXFrameworksBuildPhase section */

/* Begin PBXGroup section */
		101581512495F8C600AA0B37 = {
			isa = PBXGroup;
			children = (
				1015815C2495F8C600AA0B37 /* Dozy */,
				101581732495F8CA00AA0B37 /* DozyTests */,
				1015815B2495F8C600AA0B37 /* Products */,
			);
			sourceTree = "<group>";
		};
		1015815B2495F8C600AA0B37 /* Products */ = {
			isa = PBXGroup;
			children = (
				1015815A2495F8C600AA0B37 /* Dozy.app */,
				101581702495F8CA00AA0B37 /* DozyTests.xctest */,
			);
			name = Products;
			sourceTree = "<group>";
		};
		1015815C2495F8C600AA0B37 /* Dozy */ = {
			isa = PBXGroup;
			children = (
				1081AE29249F4C8B00AD6655 /* Utilities */,
				10381138249667EB00DC5CEC /* SharedComponents */,
				1035D076249605CF006B22FC /* Extensions */,
				1038113A2496680900DC5CEC /* Scenes */,
				1015815D2495F8C600AA0B37 /* AppDelegate.swift */,
				1015815F2495F8C600AA0B37 /* SceneDelegate.swift */,
				101581612495F8C600AA0B37 /* ContentView.swift */,
				109704BF249675E90012EA76 /* Configuration.swift */,
				10E57E5D24969C79001B71A4 /* World.swift */,
				101581632495F8CA00AA0B37 /* Assets.xcassets */,
				101581682495F8CA00AA0B37 /* LaunchScreen.storyboard */,
				1015816B2495F8CA00AA0B37 /* Info.plist */,
				101581652495F8CA00AA0B37 /* Preview Content */,
				10E57E632496A086001B71A4 /* ViewBuilder.swift */,
			);
			path = Dozy;
			sourceTree = "<group>";
		};
		101581652495F8CA00AA0B37 /* Preview Content */ = {
			isa = PBXGroup;
			children = (
				101581662495F8CA00AA0B37 /* Preview Assets.xcassets */,
			);
			path = "Preview Content";
			sourceTree = "<group>";
		};
		101581732495F8CA00AA0B37 /* DozyTests */ = {
			isa = PBXGroup;
			children = (
				1081AE2B249F4CF000AD6655 /* Mocks */,
				1081AE2A249F4CD000AD6655 /* Tests */,
				101581762495F8CA00AA0B37 /* Info.plist */,
			);
			path = DozyTests;
			sourceTree = "<group>";
		};
		1035D076249605CF006B22FC /* Extensions */ = {
			isa = PBXGroup;
			children = (
				1035D077249605D7006B22FC /* Color.swift */,
				102102AA249F2F0F00084C91 /* URLSession.swift */,
			);
			path = Extensions;
			sourceTree = "<group>";
		};
		1035D07B24963ED7006B22FC /* Buttons */ = {
			isa = PBXGroup;
			children = (
				1035D07C24963F1F006B22FC /* AlternativeButton.swift */,
			);
			path = Buttons;
			sourceTree = "<group>";
		};
		10381137249667D200DC5CEC /* Login */ = {
			isa = PBXGroup;
			children = (
				10F4221E2497B7310078AC3C /* View */,
				10F42225249930CC0078AC3C /* LoginViewModel.swift */,
				10E57E5F24969F03001B71A4 /* LoginPresenter.swift */,
				10E57E612496A062001B71A4 /* LoginViewBuilder.swift */,
			);
			path = Login;
			sourceTree = "<group>";
		};
		10381138249667EB00DC5CEC /* SharedComponents */ = {
			isa = PBXGroup;
			children = (
				1035D07B24963ED7006B22FC /* Buttons */,
				1038113B24966CA000DC5CEC /* SafariView.swift */,
				10F422232497E9B20078AC3C /* Spinner.swift */,
				10F42229249946960078AC3C /* Toast.swift */,
			);
			path = SharedComponents;
			sourceTree = "<group>";
		};
		1038113A2496680900DC5CEC /* Scenes */ = {
			isa = PBXGroup;
			children = (
				10381137249667D200DC5CEC /* Login */,
			);
			path = Scenes;
			sourceTree = "<group>";
		};
		1081AE29249F4C8B00AD6655 /* Utilities */ = {
			isa = PBXGroup;
			children = (
				10F4221F2497BCB60078AC3C /* NetworkService.swift */,
				10F422212497C2050078AC3C /* NetworkRequest.swift */,
				1081AE25249F387900AD6655 /* WebAuthenticationSession.swift */,
				1081AE2C249F4E0C00AD6655 /* Keychain.swift */,
			);
			path = Utilities;
			sourceTree = "<group>";
		};
		1081AE2A249F4CD000AD6655 /* Tests */ = {
			isa = PBXGroup;
			children = (
				101581742495F8CA00AA0B37 /* LoginTests.swift */,
			);
			path = Tests;
			sourceTree = "<group>";
		};
		1081AE2B249F4CF000AD6655 /* Mocks */ = {
			isa = PBXGroup;
			children = (
				102102A8249F2EF700084C91 /* URLSessionMock.swift */,
				1081AE27249F44CB00AD6655 /* WebAuthenticationSessionMock.swift */,
				1081AE2E249F585F00AD6655 /* KeychainMock.swift */,
			);
			path = Mocks;
			sourceTree = "<group>";
		};
		10F4221E2497B7310078AC3C /* View */ = {
			isa = PBXGroup;
			children = (
				1035D0722495FF00006B22FC /* LoginView.swift */,
				1035D074249604CE006B22FC /* LoginHeaderView.swift */,
				109704C2249692D60012EA76 /* AuthenticationSessionView.swift */,
			);
			path = View;
			sourceTree = "<group>";
		};
/* End PBXGroup section */

/* Begin PBXNativeTarget section */
		101581592495F8C600AA0B37 /* Dozy */ = {
			isa = PBXNativeTarget;
			buildConfigurationList = 101581792495F8CA00AA0B37 /* Build configuration list for PBXNativeTarget "Dozy" */;
			buildPhases = (
				101581562495F8C600AA0B37 /* Sources */,
				101581572495F8C600AA0B37 /* Frameworks */,
				101581582495F8C600AA0B37 /* Resources */,
				109704C1249679460012EA76 /* Copy Configuration */,
			);
			buildRules = (
			);
			dependencies = (
			);
			name = Dozy;
			productName = Dozy;
			productReference = 1015815A2495F8C600AA0B37 /* Dozy.app */;
			productType = "com.apple.product-type.application";
		};
		1015816F2495F8CA00AA0B37 /* DozyTests */ = {
			isa = PBXNativeTarget;
			buildConfigurationList = 1015817C2495F8CA00AA0B37 /* Build configuration list for PBXNativeTarget "DozyTests" */;
			buildPhases = (
				1015816C2495F8CA00AA0B37 /* Sources */,
				1015816D2495F8CA00AA0B37 /* Frameworks */,
				1015816E2495F8CA00AA0B37 /* Resources */,
			);
			buildRules = (
			);
			dependencies = (
				101581722495F8CA00AA0B37 /* PBXTargetDependency */,
			);
			name = DozyTests;
			productName = DozyTests;
			productReference = 101581702495F8CA00AA0B37 /* DozyTests.xctest */;
			productType = "com.apple.product-type.bundle.unit-test";
		};
/* End PBXNativeTarget section */

/* Begin PBXProject section */
		101581522495F8C600AA0B37 /* Project object */ = {
			isa = PBXProject;
			attributes = {
				LastSwiftUpdateCheck = 1150;
				LastUpgradeCheck = 1150;
				ORGANIZATIONNAME = "Andrew Daniel";
				TargetAttributes = {
					101581592495F8C600AA0B37 = {
						CreatedOnToolsVersion = 11.5;
					};
					1015816F2495F8CA00AA0B37 = {
						CreatedOnToolsVersion = 11.5;
						TestTargetID = 101581592495F8C600AA0B37;
					};
				};
			};
			buildConfigurationList = 101581552495F8C600AA0B37 /* Build configuration list for PBXProject "Dozy" */;
			compatibilityVersion = "Xcode 9.3";
			developmentRegion = en;
			hasScannedForEncodings = 0;
			knownRegions = (
				en,
				Base,
			);
			mainGroup = 101581512495F8C600AA0B37;
			productRefGroup = 1015815B2495F8C600AA0B37 /* Products */;
			projectDirPath = "";
			projectRoot = "";
			targets = (
				101581592495F8C600AA0B37 /* Dozy */,
				1015816F2495F8CA00AA0B37 /* DozyTests */,
			);
		};
/* End PBXProject section */

/* Begin PBXResourcesBuildPhase section */
		101581582495F8C600AA0B37 /* Resources */ = {
			isa = PBXResourcesBuildPhase;
			buildActionMask = 2147483647;
			files = (
				1015816A2495F8CA00AA0B37 /* LaunchScreen.storyboard in Resources */,
				101581672495F8CA00AA0B37 /* Preview Assets.xcassets in Resources */,
				101581642495F8CA00AA0B37 /* Assets.xcassets in Resources */,
			);
			runOnlyForDeploymentPostprocessing = 0;
		};
		1015816E2495F8CA00AA0B37 /* Resources */ = {
			isa = PBXResourcesBuildPhase;
			buildActionMask = 2147483647;
			files = (
			);
			runOnlyForDeploymentPostprocessing = 0;
		};
/* End PBXResourcesBuildPhase section */

/* Begin PBXShellScriptBuildPhase section */
		109704C1249679460012EA76 /* Copy Configuration */ = {
			isa = PBXShellScriptBuildPhase;
			buildActionMask = 2147483647;
			files = (
			);
			inputFileListPaths = (
			);
			inputPaths = (
			);
			name = "Copy Configuration";
			outputFileListPaths = (
			);
			outputPaths = (
			);
			runOnlyForDeploymentPostprocessing = 0;
			shellPath = /bin/sh;
			shellScript = "BUILD_DIR=\"${BUILT_PRODUCTS_DIR}/${FULL_PRODUCT_NAME}\"\ncp -R \"${SRCROOT}/Dozy/Configuration.plist\" ${BUILD_DIR}\n";
		};
/* End PBXShellScriptBuildPhase section */

/* Begin PBXSourcesBuildPhase section */
		101581562495F8C600AA0B37 /* Sources */ = {
			isa = PBXSourcesBuildPhase;
			buildActionMask = 2147483647;
			files = (
				1015815E2495F8C600AA0B37 /* AppDelegate.swift in Sources */,
				1035D075249604CE006B22FC /* LoginHeaderView.swift in Sources */,
				102102AB249F2F0F00084C91 /* URLSession.swift in Sources */,
				10F422222497C2050078AC3C /* NetworkRequest.swift in Sources */,
				10F4222A249946970078AC3C /* Toast.swift in Sources */,
				1081AE2D249F4E0C00AD6655 /* Keychain.swift in Sources */,
				101581602495F8C600AA0B37 /* SceneDelegate.swift in Sources */,
				109704C0249675E90012EA76 /* Configuration.swift in Sources */,
				1035D0732495FF00006B22FC /* LoginView.swift in Sources */,
				109704C3249692D60012EA76 /* AuthenticationSessionView.swift in Sources */,
				10E57E5E24969C79001B71A4 /* World.swift in Sources */,
				1081AE26249F387900AD6655 /* WebAuthenticationSession.swift in Sources */,
				10F42226249930CC0078AC3C /* LoginViewModel.swift in Sources */,
				10E57E642496A086001B71A4 /* ViewBuilder.swift in Sources */,
				10E57E622496A062001B71A4 /* LoginViewBuilder.swift in Sources */,
				10E57E6024969F03001B71A4 /* LoginPresenter.swift in Sources */,
				10F422202497BCB60078AC3C /* NetworkService.swift in Sources */,
				1038113C24966CA000DC5CEC /* SafariView.swift in Sources */,
				101581622495F8C600AA0B37 /* ContentView.swift in Sources */,
				1035D07D24963F1F006B22FC /* AlternativeButton.swift in Sources */,
				1035D078249605D7006B22FC /* Color.swift in Sources */,
				10F422242497E9B20078AC3C /* Spinner.swift in Sources */,
			);
			runOnlyForDeploymentPostprocessing = 0;
		};
		1015816C2495F8CA00AA0B37 /* Sources */ = {
			isa = PBXSourcesBuildPhase;
			buildActionMask = 2147483647;
			files = (
				102102A9249F2EF700084C91 /* URLSessionMock.swift in Sources */,
				1081AE28249F44CB00AD6655 /* WebAuthenticationSessionMock.swift in Sources */,
				101581752495F8CA00AA0B37 /* LoginTests.swift in Sources */,
				1081AE2F249F585F00AD6655 /* KeychainMock.swift in Sources */,
			);
			runOnlyForDeploymentPostprocessing = 0;
		};
/* End PBXSourcesBuildPhase section */

/* Begin PBXTargetDependency section */
		101581722495F8CA00AA0B37 /* PBXTargetDependency */ = {
			isa = PBXTargetDependency;
			target = 101581592495F8C600AA0B37 /* Dozy */;
			targetProxy = 101581712495F8CA00AA0B37 /* PBXContainerItemProxy */;
		};
/* End PBXTargetDependency section */

/* Begin PBXVariantGroup section */
		101581682495F8CA00AA0B37 /* LaunchScreen.storyboard */ = {
			isa = PBXVariantGroup;
			children = (
				101581692495F8CA00AA0B37 /* Base */,
			);
			name = LaunchScreen.storyboard;
			sourceTree = "<group>";
		};
/* End PBXVariantGroup section */

/* Begin XCBuildConfiguration section */
		101581772495F8CA00AA0B37 /* Debug */ = {
			isa = XCBuildConfiguration;
			buildSettings = {
				ALWAYS_SEARCH_USER_PATHS = NO;
				CLANG_ANALYZER_NONNULL = YES;
				CLANG_ANALYZER_NUMBER_OBJECT_CONVERSION = YES_AGGRESSIVE;
				CLANG_CXX_LANGUAGE_STANDARD = "gnu++14";
				CLANG_CXX_LIBRARY = "libc++";
				CLANG_ENABLE_MODULES = YES;
				CLANG_ENABLE_OBJC_ARC = YES;
				CLANG_ENABLE_OBJC_WEAK = YES;
				CLANG_WARN_BLOCK_CAPTURE_AUTORELEASING = YES;
				CLANG_WARN_BOOL_CONVERSION = YES;
				CLANG_WARN_COMMA = YES;
				CLANG_WARN_CONSTANT_CONVERSION = YES;
				CLANG_WARN_DEPRECATED_OBJC_IMPLEMENTATIONS = YES;
				CLANG_WARN_DIRECT_OBJC_ISA_USAGE = YES_ERROR;
				CLANG_WARN_DOCUMENTATION_COMMENTS = YES;
				CLANG_WARN_EMPTY_BODY = YES;
				CLANG_WARN_ENUM_CONVERSION = YES;
				CLANG_WARN_INFINITE_RECURSION = YES;
				CLANG_WARN_INT_CONVERSION = YES;
				CLANG_WARN_NON_LITERAL_NULL_CONVERSION = YES;
				CLANG_WARN_OBJC_IMPLICIT_RETAIN_SELF = YES;
				CLANG_WARN_OBJC_LITERAL_CONVERSION = YES;
				CLANG_WARN_OBJC_ROOT_CLASS = YES_ERROR;
				CLANG_WARN_RANGE_LOOP_ANALYSIS = YES;
				CLANG_WARN_STRICT_PROTOTYPES = YES;
				CLANG_WARN_SUSPICIOUS_MOVE = YES;
				CLANG_WARN_UNGUARDED_AVAILABILITY = YES_AGGRESSIVE;
				CLANG_WARN_UNREACHABLE_CODE = YES;
				CLANG_WARN__DUPLICATE_METHOD_MATCH = YES;
				COPY_PHASE_STRIP = NO;
				DEBUG_INFORMATION_FORMAT = dwarf;
				ENABLE_STRICT_OBJC_MSGSEND = YES;
				ENABLE_TESTABILITY = YES;
				GCC_C_LANGUAGE_STANDARD = gnu11;
				GCC_DYNAMIC_NO_PIC = NO;
				GCC_NO_COMMON_BLOCKS = YES;
				GCC_OPTIMIZATION_LEVEL = 0;
				GCC_PREPROCESSOR_DEFINITIONS = (
					"DEBUG=1",
					"$(inherited)",
				);
				GCC_WARN_64_TO_32_BIT_CONVERSION = YES;
				GCC_WARN_ABOUT_RETURN_TYPE = YES_ERROR;
				GCC_WARN_UNDECLARED_SELECTOR = YES;
				GCC_WARN_UNINITIALIZED_AUTOS = YES_AGGRESSIVE;
				GCC_WARN_UNUSED_FUNCTION = YES;
				GCC_WARN_UNUSED_VARIABLE = YES;
				IPHONEOS_DEPLOYMENT_TARGET = 13.0;
				MTL_ENABLE_DEBUG_INFO = INCLUDE_SOURCE;
				MTL_FAST_MATH = YES;
				ONLY_ACTIVE_ARCH = YES;
				SDKROOT = iphoneos;
				SWIFT_ACTIVE_COMPILATION_CONDITIONS = DEBUG;
				SWIFT_OPTIMIZATION_LEVEL = "-Onone";
			};
			name = Debug;
		};
		101581782495F8CA00AA0B37 /* Release */ = {
			isa = XCBuildConfiguration;
			buildSettings = {
				ALWAYS_SEARCH_USER_PATHS = NO;
				CLANG_ANALYZER_NONNULL = YES;
				CLANG_ANALYZER_NUMBER_OBJECT_CONVERSION = YES_AGGRESSIVE;
				CLANG_CXX_LANGUAGE_STANDARD = "gnu++14";
				CLANG_CXX_LIBRARY = "libc++";
				CLANG_ENABLE_MODULES = YES;
				CLANG_ENABLE_OBJC_ARC = YES;
				CLANG_ENABLE_OBJC_WEAK = YES;
				CLANG_WARN_BLOCK_CAPTURE_AUTORELEASING = YES;
				CLANG_WARN_BOOL_CONVERSION = YES;
				CLANG_WARN_COMMA = YES;
				CLANG_WARN_CONSTANT_CONVERSION = YES;
				CLANG_WARN_DEPRECATED_OBJC_IMPLEMENTATIONS = YES;
				CLANG_WARN_DIRECT_OBJC_ISA_USAGE = YES_ERROR;
				CLANG_WARN_DOCUMENTATION_COMMENTS = YES;
				CLANG_WARN_EMPTY_BODY = YES;
				CLANG_WARN_ENUM_CONVERSION = YES;
				CLANG_WARN_INFINITE_RECURSION = YES;
				CLANG_WARN_INT_CONVERSION = YES;
				CLANG_WARN_NON_LITERAL_NULL_CONVERSION = YES;
				CLANG_WARN_OBJC_IMPLICIT_RETAIN_SELF = YES;
				CLANG_WARN_OBJC_LITERAL_CONVERSION = YES;
				CLANG_WARN_OBJC_ROOT_CLASS = YES_ERROR;
				CLANG_WARN_RANGE_LOOP_ANALYSIS = YES;
				CLANG_WARN_STRICT_PROTOTYPES = YES;
				CLANG_WARN_SUSPICIOUS_MOVE = YES;
				CLANG_WARN_UNGUARDED_AVAILABILITY = YES_AGGRESSIVE;
				CLANG_WARN_UNREACHABLE_CODE = YES;
				CLANG_WARN__DUPLICATE_METHOD_MATCH = YES;
				COPY_PHASE_STRIP = NO;
				DEBUG_INFORMATION_FORMAT = "dwarf-with-dsym";
				ENABLE_NS_ASSERTIONS = NO;
				ENABLE_STRICT_OBJC_MSGSEND = YES;
				GCC_C_LANGUAGE_STANDARD = gnu11;
				GCC_NO_COMMON_BLOCKS = YES;
				GCC_WARN_64_TO_32_BIT_CONVERSION = YES;
				GCC_WARN_ABOUT_RETURN_TYPE = YES_ERROR;
				GCC_WARN_UNDECLARED_SELECTOR = YES;
				GCC_WARN_UNINITIALIZED_AUTOS = YES_AGGRESSIVE;
				GCC_WARN_UNUSED_FUNCTION = YES;
				GCC_WARN_UNUSED_VARIABLE = YES;
				IPHONEOS_DEPLOYMENT_TARGET = 13.0;
				MTL_ENABLE_DEBUG_INFO = NO;
				MTL_FAST_MATH = YES;
				SDKROOT = iphoneos;
				SWIFT_COMPILATION_MODE = wholemodule;
				SWIFT_OPTIMIZATION_LEVEL = "-O";
				VALIDATE_PRODUCT = YES;
			};
			name = Release;
		};
		1015817A2495F8CA00AA0B37 /* Debug */ = {
			isa = XCBuildConfiguration;
			buildSettings = {
				ASSETCATALOG_COMPILER_APPICON_NAME = AppIcon;
				CODE_SIGN_STYLE = Automatic;
				DEVELOPMENT_ASSET_PATHS = "\"Dozy/Preview Content\"";
				DEVELOPMENT_TEAM = A229E9TMUD;
				ENABLE_PREVIEWS = YES;
				INFOPLIST_FILE = Dozy/Info.plist;
				IPHONEOS_DEPLOYMENT_TARGET = 13.0;
				LD_RUNPATH_SEARCH_PATHS = (
					"$(inherited)",
					"@executable_path/Frameworks",
				);
				PRODUCT_BUNDLE_IDENTIFIER = com.andydotdaniel.Dozy;
				PRODUCT_NAME = "$(TARGET_NAME)";
				SWIFT_VERSION = 5.0;
				TARGETED_DEVICE_FAMILY = 1;
			};
			name = Debug;
		};
		1015817B2495F8CA00AA0B37 /* Release */ = {
			isa = XCBuildConfiguration;
			buildSettings = {
				ASSETCATALOG_COMPILER_APPICON_NAME = AppIcon;
				CODE_SIGN_STYLE = Automatic;
				DEVELOPMENT_ASSET_PATHS = "\"Dozy/Preview Content\"";
				DEVELOPMENT_TEAM = A229E9TMUD;
				ENABLE_PREVIEWS = YES;
				INFOPLIST_FILE = Dozy/Info.plist;
				IPHONEOS_DEPLOYMENT_TARGET = 13.0;
				LD_RUNPATH_SEARCH_PATHS = (
					"$(inherited)",
					"@executable_path/Frameworks",
				);
				PRODUCT_BUNDLE_IDENTIFIER = com.andydotdaniel.Dozy;
				PRODUCT_NAME = "$(TARGET_NAME)";
				SWIFT_VERSION = 5.0;
				TARGETED_DEVICE_FAMILY = 1;
			};
			name = Release;
		};
		1015817D2495F8CA00AA0B37 /* Debug */ = {
			isa = XCBuildConfiguration;
			buildSettings = {
				ALWAYS_EMBED_SWIFT_STANDARD_LIBRARIES = YES;
				BUNDLE_LOADER = "$(TEST_HOST)";
				CODE_SIGN_STYLE = Automatic;
				DEVELOPMENT_TEAM = A229E9TMUD;
				INFOPLIST_FILE = DozyTests/Info.plist;
				IPHONEOS_DEPLOYMENT_TARGET = 13.5;
				LD_RUNPATH_SEARCH_PATHS = (
					"$(inherited)",
					"@executable_path/Frameworks",
					"@loader_path/Frameworks",
				);
				PRODUCT_BUNDLE_IDENTIFIER = com.andydotdaniel.DozyTests;
				PRODUCT_NAME = "$(TARGET_NAME)";
				SWIFT_VERSION = 5.0;
				TARGETED_DEVICE_FAMILY = "1,2";
				TEST_HOST = "$(BUILT_PRODUCTS_DIR)/Dozy.app/Dozy";
			};
			name = Debug;
		};
		1015817E2495F8CA00AA0B37 /* Release */ = {
			isa = XCBuildConfiguration;
			buildSettings = {
				ALWAYS_EMBED_SWIFT_STANDARD_LIBRARIES = YES;
				BUNDLE_LOADER = "$(TEST_HOST)";
				CODE_SIGN_STYLE = Automatic;
				DEVELOPMENT_TEAM = A229E9TMUD;
				INFOPLIST_FILE = DozyTests/Info.plist;
				IPHONEOS_DEPLOYMENT_TARGET = 13.5;
				LD_RUNPATH_SEARCH_PATHS = (
					"$(inherited)",
					"@executable_path/Frameworks",
					"@loader_path/Frameworks",
				);
				PRODUCT_BUNDLE_IDENTIFIER = com.andydotdaniel.DozyTests;
				PRODUCT_NAME = "$(TARGET_NAME)";
				SWIFT_VERSION = 5.0;
				TARGETED_DEVICE_FAMILY = "1,2";
				TEST_HOST = "$(BUILT_PRODUCTS_DIR)/Dozy.app/Dozy";
			};
			name = Release;
		};
/* End XCBuildConfiguration section */

/* Begin XCConfigurationList section */
		101581552495F8C600AA0B37 /* Build configuration list for PBXProject "Dozy" */ = {
			isa = XCConfigurationList;
			buildConfigurations = (
				101581772495F8CA00AA0B37 /* Debug */,
				101581782495F8CA00AA0B37 /* Release */,
			);
			defaultConfigurationIsVisible = 0;
			defaultConfigurationName = Release;
		};
		101581792495F8CA00AA0B37 /* Build configuration list for PBXNativeTarget "Dozy" */ = {
			isa = XCConfigurationList;
			buildConfigurations = (
				1015817A2495F8CA00AA0B37 /* Debug */,
				1015817B2495F8CA00AA0B37 /* Release */,
			);
			defaultConfigurationIsVisible = 0;
			defaultConfigurationName = Release;
		};
		1015817C2495F8CA00AA0B37 /* Build configuration list for PBXNativeTarget "DozyTests" */ = {
			isa = XCConfigurationList;
			buildConfigurations = (
				1015817D2495F8CA00AA0B37 /* Debug */,
				1015817E2495F8CA00AA0B37 /* Release */,
			);
			defaultConfigurationIsVisible = 0;
			defaultConfigurationName = Release;
		};
/* End XCConfigurationList section */
	};
	rootObject = 101581522495F8C600AA0B37 /* Project object */;
}
